# @generated - this file is auto-generated by `mise lock` https://mise.jdx.dev/dev-tools/mise-lock.html

[[tools."cargo:cargo-edit"]]
version = "0.13.9"
backend = "cargo:cargo-edit"

[[tools.deno]]
version = "2.7.11"
backend = "core:deno"

[tools.deno."platforms.linux-arm64"]
checksum = "sha256:1c9024937e711d17c20bc0fd510147aba6d5315ed6cfbe0fa0e6d3cee8a681b7"
url = "https://dl.deno.land/release/v2.7.11/deno-aarch64-unknown-linux-gnu.zip"

[tools.deno."platforms.linux-arm64-musl"]
checksum = "sha256:1c9024937e711d17c20bc0fd510147aba6d5315ed6cfbe0fa0e6d3cee8a681b7"
url = "https://dl.deno.land/release/v2.7.11/deno-aarch64-unknown-linux-gnu.zip"

[tools.deno."platforms.linux-x64"]
checksum = "sha256:16990cd4f3728b82b0f1432b233214fe793a0e03c27d77a2ee89f27b3e984097"
url = "https://dl.deno.land/release/v2.7.11/deno-x86_64-unknown-linux-gnu.zip"

[tools.deno."platforms.linux-x64-musl"]
checksum = "sha256:16990cd4f3728b82b0f1432b233214fe793a0e03c27d77a2ee89f27b3e984097"
url = "https://dl.deno.land/release/v2.7.11/deno-x86_64-unknown-linux-gnu.zip"

[tools.deno."platforms.macos-arm64"]
checksum = "sha256:2da6fd51ad6af3b8711ff327b448b76b1dc8ee75678842aff637b6827205d8bd"
url = "https://dl.deno.land/release/v2.7.11/deno-aarch64-apple-darwin.zip"

[tools.deno."platforms.macos-x64"]
checksum = "sha256:a01abae36024b9a6cfa9ffa5fa8325d71993e115fb7a8ab79f2720fe83b7fb5b"
url = "https://dl.deno.land/release/v2.7.11/deno-x86_64-apple-darwin.zip"

[tools.deno."platforms.windows-x64"]
checksum = "sha256:Algorithm"
url = "https://dl.deno.land/release/v2.7.11/deno-x86_64-pc-windows-msvc.zip"

[[tools.just]]
version = "1.49.0"
backend = "aqua:casey/just"

[tools.just."platforms.linux-arm64"]
checksum = "sha256:993b78f51004248114af22368f69715541542b3c9941c80e02f8ae10eb404ae0"
url = "https://github.com/casey/just/releases/download/1.49.0/just-1.49.0-aarch64-unknown-linux-musl.tar.gz"

[tools.just."platforms.linux-arm64-musl"]
checksum = "sha256:993b78f51004248114af22368f69715541542b3c9941c80e02f8ae10eb404ae0"
url = "https://github.com/casey/just/releases/download/1.49.0/just-1.49.0-aarch64-unknown-linux-musl.tar.gz"

[tools.just."platforms.linux-x64"]
checksum = "sha256:05eb2f068b641b06e5b318796c2e27d4dcca608e65b34329a08c1b9f582611bd"
url = "https://github.com/casey/just/releases/download/1.49.0/just-1.49.0-x86_64-unknown-linux-musl.tar.gz"

[tools.just."platforms.linux-x64-musl"]
checksum = "sha256:05eb2f068b641b06e5b318796c2e27d4dcca608e65b34329a08c1b9f582611bd"
url = "https://github.com/casey/just/releases/download/1.49.0/just-1.49.0-x86_64-unknown-linux-musl.tar.gz"

[tools.just."platforms.macos-arm64"]
checksum = "sha256:d21b20df01ec9b9762b0ef08e56ae8dccf3738770edeafa8d2b3a750aee06d78"
url = "https://github.com/casey/just/releases/download/1.49.0/just-1.49.0-aarch64-apple-darwin.tar.gz"

[tools.just."platforms.macos-x64"]
checksum = "sha256:e0b83a9352952ab25e5cf13f6cb03dd1872416e5d89388b56d6ca58f11b0a3a8"
url = "https://github.com/casey/just/releases/download/1.49.0/just-1.49.0-x86_64-apple-darwin.tar.gz"

[tools.just."platforms.windows-x64"]
checksum = "sha256:657338772efd17a31d67285bb5ed691da87741e44311c0366273c6cb7d913b15"
url = "https://github.com/casey/just/releases/download/1.49.0/just-1.49.0-x86_64-pc-windows-msvc.zip"

[[tools.node]]
version = "24.14.1"
backend = "core:node"

[tools.node."platforms.linux-arm64"]
checksum = "sha256:734ff04fa7f8ed2e8a78d40cacf5ac3fc4515dac2858757cbab313eb483ba8a2"
url = "https://nodejs.org/dist/v24.14.1/node-v24.14.1-linux-arm64.tar.gz"

[tools.node."platforms.linux-arm64-musl"]
checksum = "sha256:734ff04fa7f8ed2e8a78d40cacf5ac3fc4515dac2858757cbab313eb483ba8a2"
url = "https://nodejs.org/dist/v24.14.1/node-v24.14.1-linux-arm64.tar.gz"

[tools.node."platforms.linux-x64"]
checksum = "sha256:ace9fa104992ed0829642629c46ca7bd7fd6e76278cb96c958c4b387d29658ea"
url = "https://nodejs.org/dist/v24.14.1/node-v24.14.1-linux-x64.tar.gz"

[tools.node."platforms.linux-x64-musl"]
checksum = "sha256:ace9fa104992ed0829642629c46ca7bd7fd6e76278cb96c958c4b387d29658ea"
url = "https://nodejs.org/dist/v24.14.1/node-v24.14.1-linux-x64.tar.gz"

[tools.node."platforms.macos-arm64"]
checksum = "sha256:25495ff85bd89e2d8a24d88566d7e2f827c6b0d3d872b2cebf75371f93fcb1fe"
url = "https://nodejs.org/dist/v24.14.1/node-v24.14.1-darwin-arm64.tar.gz"

[tools.node."platforms.macos-x64"]
checksum = "sha256:2526230ad7d922be82d4fdb1e7ee1e84303e133e3b4b0ec4c2897ab31de0253d"
url = "https://nodejs.org/dist/v24.14.1/node-v24.14.1-darwin-x64.tar.gz"

[tools.node."platforms.windows-x64"]
checksum = "sha256:6e50ce5498c0cebc20fd39ab3ff5df836ed2f8a31aa093cecad8497cff126d70"
url = "https://nodejs.org/dist/v24.14.1/node-v24.14.1-win-x64.zip"

[[tools.prek]]
version = "0.3.8"
backend = "aqua:j178/prek"

[tools.prek."platforms.linux-arm64"]
checksum = "sha256:b88d96aef4ea84999d12958c390611d3a26194ee57225fe2ff15a9855e3a71bf"
url = "https://github.com/j178/prek/releases/download/v0.3.8/prek-aarch64-unknown-linux-musl.tar.gz"
provenance = "github-attestations"

[tools.prek."platforms.linux-arm64-musl"]
checksum = "sha256:b88d96aef4ea84999d12958c390611d3a26194ee57225fe2ff15a9855e3a71bf"
url = "https://github.com/j178/prek/releases/download/v0.3.8/prek-aarch64-unknown-linux-musl.tar.gz"
provenance = "github-attestations"

[tools.prek."platforms.linux-x64"]
checksum = "sha256:732cfb03960e6dfd5df2cb67906797aa8831750ef3a6f6340ec2b90ee8b7a59f"
url = "https://github.com/j178/prek/releases/download/v0.3.8/prek-x86_64-unknown-linux-musl.tar.gz"
provenance = "github-attestations"

[tools.prek."platforms.linux-x64-musl"]
checksum = "sha256:732cfb03960e6dfd5df2cb67906797aa8831750ef3a6f6340ec2b90ee8b7a59f"
url = "https://github.com/j178/prek/releases/download/v0.3.8/prek-x86_64-unknown-linux-musl.tar.gz"
provenance = "github-attestations"

[tools.prek."platforms.macos-arm64"]
checksum = "sha256:702fde4399fafb054ce85d0a64367689e3668b6475d732c4a46aae50cec0a4be"
url = "https://github.com/j178/prek/releases/download/v0.3.8/prek-aarch64-apple-darwin.tar.gz"
provenance = "github-attestations"

[tools.prek."platforms.macos-x64"]
checksum = "sha256:010198daf4e99a76d03a911973320542ffd7a04091cf7e86c60ac861187577f6"
url = "https://github.com/j178/prek/releases/download/v0.3.8/prek-x86_64-apple-darwin.tar.gz"
provenance = "github-attestations"

[tools.prek."platforms.windows-x64"]
checksum = "sha256:1da2735c31548dacd2751f90c15b5f643aa72f3053f366636f95153ee2c7186e"
url = "https://github.com/j178/prek/releases/download/v0.3.8/prek-x86_64-pc-windows-msvc.zip"
provenance = "github-attestations"

[[tools.rust]]
version = "1.94.1"
backend = "core:rust"

[[tools.tombi]]
version = "0.9.15"
backend = "aqua:tombi-toml/tombi"

[tools.tombi."platforms.linux-arm64"]
checksum = "sha256:ba5b907a945a40aa544ba1519434037018fd88b25d2134882c3e774e4702499a"
url = "https://github.com/tombi-toml/tombi/releases/download/v0.9.15/tombi-cli-0.9.15-aarch64-unknown-linux-musl.gz"

[tools.tombi."platforms.linux-arm64-musl"]
checksum = "sha256:ba5b907a945a40aa544ba1519434037018fd88b25d2134882c3e774e4702499a"
url = "https://github.com/tombi-toml/tombi/releases/download/v0.9.15/tombi-cli-0.9.15-aarch64-unknown-linux-musl.gz"

[tools.tombi."platforms.linux-x64"]
checksum = "sha256:5be8b5d8d01044d135d9a08b407ad08ca1a6c7fd2e214eb892442968cdca7cf5"
url = "https://github.com/tombi-toml/tombi/releases/download/v0.9.15/tombi-cli-0.9.15-x86_64-unknown-linux-musl.gz"

[tools.tombi."platforms.linux-x64-musl"]
checksum = "sha256:5be8b5d8d01044d135d9a08b407ad08ca1a6c7fd2e214eb892442968cdca7cf5"
url = "https://github.com/tombi-toml/tombi/releases/download/v0.9.15/tombi-cli-0.9.15-x86_64-unknown-linux-musl.gz"

[tools.tombi."platforms.macos-arm64"]
checksum = "sha256:d9235496e896874ab8799b4d7efa9c8dff61962478bce6647dbbb81b1937e822"
url = "https://github.com/tombi-toml/tombi/releases/download/v0.9.15/tombi-cli-0.9.15-aarch64-apple-darwin.gz"

[tools.tombi."platforms.macos-x64"]
checksum = "sha256:3cf44fa8853b08c895d72583303a3fc402a97c933869c517a006f9b72c30819b"
url = "https://github.com/tombi-toml/tombi/releases/download/v0.9.15/tombi-cli-0.9.15-x86_64-apple-darwin.gz"

[tools.tombi."platforms.windows-x64"]
checksum = "sha256:6fd8dde2c095ac060c22a1797377c8b30c7e6f6fb56a4a4dde482303e5ec62f0"
url = "https://github.com/tombi-toml/tombi/releases/download/v0.9.15/tombi-cli-0.9.15-x86_64-pc-windows-msvc.zip"
