# @generated - this file is auto-generated by `mise lock` https://mise.en.dev/dev-tools/mise-lock.html

[[tools.actionlint]]
version = "1.7.12"
backend = "aqua:rhysd/actionlint"

[tools.actionlint."platforms.linux-arm64"]
checksum = "sha256:325e971b6ba9bfa504672e29be93c24981eeb1c07576d730e9f7c8805afff0c6"
url = "https://github.com/rhysd/actionlint/releases/download/v1.7.12/actionlint_1.7.12_linux_arm64.tar.gz"
provenance = "github-attestations"

[tools.actionlint."platforms.linux-arm64-musl"]
checksum = "sha256:325e971b6ba9bfa504672e29be93c24981eeb1c07576d730e9f7c8805afff0c6"
url = "https://github.com/rhysd/actionlint/releases/download/v1.7.12/actionlint_1.7.12_linux_arm64.tar.gz"
provenance = "github-attestations"

[tools.actionlint."platforms.linux-x64"]
checksum = "sha256:8aca8db96f1b94770f1b0d72b6dddcb1ebb8123cb3712530b08cc387b349a3d8"
url = "https://github.com/rhysd/actionlint/releases/download/v1.7.12/actionlint_1.7.12_linux_amd64.tar.gz"
provenance = "github-attestations"

[tools.actionlint."platforms.linux-x64-musl"]
checksum = "sha256:8aca8db96f1b94770f1b0d72b6dddcb1ebb8123cb3712530b08cc387b349a3d8"
url = "https://github.com/rhysd/actionlint/releases/download/v1.7.12/actionlint_1.7.12_linux_amd64.tar.gz"
provenance = "github-attestations"

[tools.actionlint."platforms.macos-arm64"]
checksum = "sha256:aba9ced2dee8d27fecca3dc7feb1a7f9a52caefa1eb46f3271ea66b6e0e6953f"
url = "https://github.com/rhysd/actionlint/releases/download/v1.7.12/actionlint_1.7.12_darwin_arm64.tar.gz"
provenance = "github-attestations"

[tools.actionlint."platforms.macos-x64"]
checksum = "sha256:5b44c3bc2255115c9b69e30efc0fecdf498fdb63c5d58e17084fd5f16324c644"
url = "https://github.com/rhysd/actionlint/releases/download/v1.7.12/actionlint_1.7.12_darwin_amd64.tar.gz"
provenance = "github-attestations"

[tools.actionlint."platforms.windows-x64"]
checksum = "sha256:6e7241b51e6817ea6a047693d8e6fed13b31819c9a0dd6c5a726e1592d22f6e9"
url = "https://github.com/rhysd/actionlint/releases/download/v1.7.12/actionlint_1.7.12_windows_amd64.zip"
provenance = "github-attestations"

[[tools."cargo:cargo-edit"]]
version = "0.13.10"
backend = "cargo:cargo-edit"

[[tools.just]]
version = "1.50.0"
backend = "aqua:casey/just"

[tools.just."platforms.linux-arm64"]
checksum = "sha256:3beb4967ce05883cf09ac12d6d128166eb4c6d0b03eff74b61018a6880655d7d"
url = "https://github.com/casey/just/releases/download/1.50.0/just-1.50.0-aarch64-unknown-linux-musl.tar.gz"

[tools.just."platforms.linux-arm64-musl"]
checksum = "sha256:3beb4967ce05883cf09ac12d6d128166eb4c6d0b03eff74b61018a6880655d7d"
url = "https://github.com/casey/just/releases/download/1.50.0/just-1.50.0-aarch64-unknown-linux-musl.tar.gz"

[tools.just."platforms.linux-x64"]
checksum = "sha256:27e011cd6328fadd632e59233d2cf5f18460b8a8c4269acd324c1a8669f34db0"
url = "https://github.com/casey/just/releases/download/1.50.0/just-1.50.0-x86_64-unknown-linux-musl.tar.gz"

[tools.just."platforms.linux-x64-musl"]
checksum = "sha256:27e011cd6328fadd632e59233d2cf5f18460b8a8c4269acd324c1a8669f34db0"
url = "https://github.com/casey/just/releases/download/1.50.0/just-1.50.0-x86_64-unknown-linux-musl.tar.gz"

[tools.just."platforms.macos-arm64"]
checksum = "sha256:891262207663bff1aa422dbe799a76deae4064eaa445f14eb28aef7a388222cd"
url = "https://github.com/casey/just/releases/download/1.50.0/just-1.50.0-aarch64-apple-darwin.tar.gz"

[tools.just."platforms.macos-x64"]
checksum = "sha256:e4fa28fe63381ca32fad101e86d4a1da7cd2d34d1b080985a37ec9dc951922fe"
url = "https://github.com/casey/just/releases/download/1.50.0/just-1.50.0-x86_64-apple-darwin.tar.gz"

[tools.just."platforms.windows-x64"]
checksum = "sha256:5dc713f049e174e22de41fd06292a26c9b90f2d37c1be9390d2082fe6928b376"
url = "https://github.com/casey/just/releases/download/1.50.0/just-1.50.0-x86_64-pc-windows-msvc.zip"

[[tools.node]]
version = "24.15.0"
backend = "core:node"

[tools.node."platforms.linux-arm64"]
checksum = "sha256:73afc234d558c24919875f51c2d1ea002a2ada4ea6f83601a383869fefa64eed"
url = "https://nodejs.org/dist/v24.15.0/node-v24.15.0-linux-arm64.tar.gz"

[tools.node."platforms.linux-arm64-musl"]
checksum = "sha256:31e98aa960a067da91edffd5d93bc46657b5d2a8029612c359f5f2ac0060152a"
url = "https://unofficial-builds.nodejs.org/download/release/v24.15.0/node-v24.15.0-linux-arm64-musl.tar.gz"

[tools.node."platforms.linux-x64"]
checksum = "sha256:44836872d9aec49f1e6b52a9a922872db9a2b02d235a616a5681b6a85fec8d89"
url = "https://nodejs.org/dist/v24.15.0/node-v24.15.0-linux-x64.tar.gz"

[tools.node."platforms.linux-x64-musl"]
checksum = "sha256:f55af5bd489c5347b113ca6594cae00a54b30ba57ac5875324311bfc6f4762e3"
url = "https://unofficial-builds.nodejs.org/download/release/v24.15.0/node-v24.15.0-linux-x64-musl.tar.gz"

[tools.node."platforms.macos-arm64"]
checksum = "sha256:372331b969779ab5d15b949884fc6eaf88d5afe87bde8ba881d6400b9100ffc4"
url = "https://nodejs.org/dist/v24.15.0/node-v24.15.0-darwin-arm64.tar.gz"

[tools.node."platforms.macos-x64"]
checksum = "sha256:ffd5ee293467927f3ee731a553eb88fd1f48cf74eebc2d74a6babe4af228673b"
url = "https://nodejs.org/dist/v24.15.0/node-v24.15.0-darwin-x64.tar.gz"

[tools.node."platforms.windows-x64"]
checksum = "sha256:cc5149eabd53779ce1e7bdc5401643622d0c7e6800ade18928a767e940bb0e62"
url = "https://nodejs.org/dist/v24.15.0/node-v24.15.0-win-x64.zip"

[[tools.pinact]]
version = "3.9.2"
backend = "aqua:suzuki-shunsuke/pinact"

[tools.pinact."platforms.linux-arm64"]
checksum = "sha256:468bf7afd0f22b30ecb17fcf02f76d8b5c3bca59bb85a29017d7daebde96b33f"
url = "https://github.com/suzuki-shunsuke/pinact/releases/download/v3.9.2/pinact_linux_arm64.tar.gz"
provenance = "github-attestations"

[tools.pinact."platforms.linux-arm64-musl"]
checksum = "sha256:468bf7afd0f22b30ecb17fcf02f76d8b5c3bca59bb85a29017d7daebde96b33f"
url = "https://github.com/suzuki-shunsuke/pinact/releases/download/v3.9.2/pinact_linux_arm64.tar.gz"
provenance = "github-attestations"

[tools.pinact."platforms.linux-x64"]
checksum = "sha256:6adcc8a2217e4114e0841f8bca0cddf9958a9c52e3e89760c35b791cdba1a916"
url = "https://github.com/suzuki-shunsuke/pinact/releases/download/v3.9.2/pinact_linux_amd64.tar.gz"
provenance = "github-attestations"

[tools.pinact."platforms.linux-x64-musl"]
checksum = "sha256:6adcc8a2217e4114e0841f8bca0cddf9958a9c52e3e89760c35b791cdba1a916"
url = "https://github.com/suzuki-shunsuke/pinact/releases/download/v3.9.2/pinact_linux_amd64.tar.gz"
provenance = "github-attestations"

[tools.pinact."platforms.macos-arm64"]
checksum = "sha256:4a6b481b16b7bb67153f96aaf60cbe61d3a739bdce35b1cb3fd3de5372f58c31"
url = "https://github.com/suzuki-shunsuke/pinact/releases/download/v3.9.2/pinact_darwin_arm64.tar.gz"
provenance = "github-attestations"

[tools.pinact."platforms.macos-x64"]
checksum = "sha256:5facbcd8cd4e20fb88c4ef3ace9c54b7d295735563634ef4373694cd286be67a"
url = "https://github.com/suzuki-shunsuke/pinact/releases/download/v3.9.2/pinact_darwin_amd64.tar.gz"
provenance = "github-attestations"

[tools.pinact."platforms.windows-x64"]
checksum = "sha256:a7f82e352eb4f706addfb864a7c4853f34bdcfc604ebef8733adecbbbacaaeef"
url = "https://github.com/suzuki-shunsuke/pinact/releases/download/v3.9.2/pinact_windows_amd64.zip"
provenance = "github-attestations"

[[tools.prek]]
version = "0.3.11"
backend = "aqua:j178/prek"

[tools.prek."platforms.linux-arm64"]
checksum = "sha256:057484ce99ccbe8ecad17ca78748098cfa209d4018fa0182181d95b2e63057ff"
url = "https://github.com/j178/prek/releases/download/v0.3.11/prek-aarch64-unknown-linux-musl.tar.gz"
provenance = "github-attestations"

[tools.prek."platforms.linux-arm64-musl"]
checksum = "sha256:057484ce99ccbe8ecad17ca78748098cfa209d4018fa0182181d95b2e63057ff"
url = "https://github.com/j178/prek/releases/download/v0.3.11/prek-aarch64-unknown-linux-musl.tar.gz"
provenance = "github-attestations"

[tools.prek."platforms.linux-x64"]
checksum = "sha256:7671b1b17dd5a3c01e1772323b2688ab2956d737f2b5fdd15f49a7eb14eff837"
url = "https://github.com/j178/prek/releases/download/v0.3.11/prek-x86_64-unknown-linux-musl.tar.gz"
provenance = "github-attestations"

[tools.prek."platforms.linux-x64-musl"]
checksum = "sha256:7671b1b17dd5a3c01e1772323b2688ab2956d737f2b5fdd15f49a7eb14eff837"
url = "https://github.com/j178/prek/releases/download/v0.3.11/prek-x86_64-unknown-linux-musl.tar.gz"
provenance = "github-attestations"

[tools.prek."platforms.macos-arm64"]
checksum = "sha256:a01aebbb7fcebeb1cb5c074e1a3d00cc51a283a5bd8990fce6765c5d350ac602"
url = "https://github.com/j178/prek/releases/download/v0.3.11/prek-aarch64-apple-darwin.tar.gz"
provenance = "github-attestations"

[tools.prek."platforms.macos-x64"]
checksum = "sha256:53cd52b8ed1192d6a183775027e9d68a39e8e2470932c4caf20ea548c0bd9633"
url = "https://github.com/j178/prek/releases/download/v0.3.11/prek-x86_64-apple-darwin.tar.gz"
provenance = "github-attestations"

[tools.prek."platforms.windows-x64"]
checksum = "sha256:a40604c7a10e6876423fb53ce3325615a2e90b5b3f09e15676b1d2fe74e56948"
url = "https://github.com/j178/prek/releases/download/v0.3.11/prek-x86_64-pc-windows-msvc.zip"
provenance = "github-attestations"

[[tools.rust]]
version = "1.94.1"
backend = "core:rust"

[[tools.shellcheck]]
version = "0.11.0"
backend = "aqua:koalaman/shellcheck"

[tools.shellcheck."platforms.linux-arm64"]
checksum = "sha256:12b331c1d2db6b9eb13cfca64306b1b157a86eb69db83023e261eaa7e7c14588"
url = "https://github.com/koalaman/shellcheck/releases/download/v0.11.0/shellcheck-v0.11.0.linux.aarch64.tar.xz"

[tools.shellcheck."platforms.linux-arm64-musl"]
checksum = "sha256:12b331c1d2db6b9eb13cfca64306b1b157a86eb69db83023e261eaa7e7c14588"
url = "https://github.com/koalaman/shellcheck/releases/download/v0.11.0/shellcheck-v0.11.0.linux.aarch64.tar.xz"

[tools.shellcheck."platforms.linux-x64"]
checksum = "sha256:8c3be12b05d5c177a04c29e3c78ce89ac86f1595681cab149b65b97c4e227198"
url = "https://github.com/koalaman/shellcheck/releases/download/v0.11.0/shellcheck-v0.11.0.linux.x86_64.tar.xz"

[tools.shellcheck."platforms.linux-x64-musl"]
checksum = "sha256:8c3be12b05d5c177a04c29e3c78ce89ac86f1595681cab149b65b97c4e227198"
url = "https://github.com/koalaman/shellcheck/releases/download/v0.11.0/shellcheck-v0.11.0.linux.x86_64.tar.xz"

[tools.shellcheck."platforms.macos-arm64"]
checksum = "sha256:56affdd8de5527894dca6dc3d7e0a99a873b0f004d7aabc30ae407d3f48b0a79"
url = "https://github.com/koalaman/shellcheck/releases/download/v0.11.0/shellcheck-v0.11.0.darwin.aarch64.tar.xz"

[tools.shellcheck."platforms.macos-x64"]
checksum = "sha256:3c89db4edcab7cf1c27bff178882e0f6f27f7afdf54e859fa041fca10febe4c6"
url = "https://github.com/koalaman/shellcheck/releases/download/v0.11.0/shellcheck-v0.11.0.darwin.x86_64.tar.xz"

[tools.shellcheck."platforms.windows-x64"]
checksum = "sha256:8a4e35ab0b331c85d73567b12f2a444df187f483e5079ceffa6bda1faa2e740e"
url = "https://github.com/koalaman/shellcheck/releases/download/v0.11.0/shellcheck-v0.11.0.zip"

[[tools.tombi]]
version = "0.10.2"
backend = "aqua:tombi-toml/tombi"

[tools.tombi."platforms.linux-arm64"]
checksum = "sha256:9cb16ec45802bc84cb76bb955facb4f1c5de9bd36f349075765ed12d180ceccf"
url = "https://github.com/tombi-toml/tombi/releases/download/v0.10.2/tombi-cli-0.10.2-aarch64-unknown-linux-musl.tar.gz"

[tools.tombi."platforms.linux-arm64-musl"]
checksum = "sha256:9cb16ec45802bc84cb76bb955facb4f1c5de9bd36f349075765ed12d180ceccf"
url = "https://github.com/tombi-toml/tombi/releases/download/v0.10.2/tombi-cli-0.10.2-aarch64-unknown-linux-musl.tar.gz"

[tools.tombi."platforms.linux-x64"]
checksum = "sha256:c4268eaaea8a7eb23c8578b5d8976b2490e748670a3725db4f5e4352f9d3076c"
url = "https://github.com/tombi-toml/tombi/releases/download/v0.10.2/tombi-cli-0.10.2-x86_64-unknown-linux-musl.tar.gz"

[tools.tombi."platforms.linux-x64-musl"]
checksum = "sha256:c4268eaaea8a7eb23c8578b5d8976b2490e748670a3725db4f5e4352f9d3076c"
url = "https://github.com/tombi-toml/tombi/releases/download/v0.10.2/tombi-cli-0.10.2-x86_64-unknown-linux-musl.tar.gz"

[tools.tombi."platforms.macos-arm64"]
checksum = "sha256:e456b5518923f1c3b3b136aa92c57aa9ffc6f27d8ce155af337509d3f5a3a619"
url = "https://github.com/tombi-toml/tombi/releases/download/v0.10.2/tombi-cli-0.10.2-aarch64-apple-darwin.tar.gz"

[tools.tombi."platforms.macos-x64"]
checksum = "sha256:b3ed94dc4396f565728a7ccb08de466de13607b3f4e73741ab5a3d13571e46f7"
url = "https://github.com/tombi-toml/tombi/releases/download/v0.10.2/tombi-cli-0.10.2-x86_64-apple-darwin.tar.gz"

[tools.tombi."platforms.windows-x64"]
checksum = "sha256:8ecfb32d7fe90612a626a25500fa92a9b4e42dbad6a00f202849901a058dd6a7"
url = "https://github.com/tombi-toml/tombi/releases/download/v0.10.2/tombi-cli-0.10.2-x86_64-pc-windows-msvc.zip"
