lockfileVersion: '9.0'

settings:
  autoInstallPeers: true
  excludeLinksFromLockfile: false

importers:

  .:
    devDependencies:
      '@types/node':
        specifier: ^25.5.2
        version: 25.5.2
      bumpp:
        specifier: ^11.0.1
        version: 11.0.1
      oxfmt:
        specifier: ^0.44.0
        version: 0.44.0
      oxlint:
        specifier: ^1.59.0
        version: 1.59.0(oxlint-tsgolint@0.20.0)
      oxlint-tsgolint:
        specifier: ^0.20.0
        version: 0.20.0
      typescript:
        specifier: ^6.0.2
        version: 6.0.2

  packages/vscode:
    dependencies:
      vscode-languageclient:
        specifier: ^9.0.1
        version: 9.0.1
    devDependencies:
      '@types/vscode':
        specifier: ~1.100.0
        version: 1.100.0
      vite:
        specifier: ^8.0.7
        version: 8.0.7(@types/node@25.5.2)(esbuild@0.27.7)(jiti@2.6.1)(tsx@4.21.0)(yaml@2.8.3)

  scripts/gen-value-kind-set:
    dependencies:
      '@webref/css':
        specifier: 8.4.1
        version: 8.4.1(css-tree@3.2.1)
      css-tree:
        specifier: 3.2.1
        version: 3.2.1

packages:

  '@emnapi/core@1.9.1':
    resolution: {integrity: sha512-mukuNALVsoix/w1BJwFzwXBN/dHeejQtuVzcDsfOEsdpCumXb/E9j8w11h5S54tT1xhifGfbbSm/ICrObRb3KA==}

  '@emnapi/runtime@1.9.1':
    resolution: {integrity: sha512-VYi5+ZVLhpgK4hQ0TAjiQiZ6ol0oe4mBx7mVv7IflsiEp0OWoVsp/+f9Vc1hOhE0TtkORVrI1GvzyreqpgWtkA==}

  '@emnapi/wasi-threads@1.2.0':
    resolution: {integrity: sha512-N10dEJNSsUx41Z6pZsXU8FjPjpBEplgH24sfkmITrBED1/U2Esum9F3lfLrMjKHHjmi557zQn7kR9R+XWXu5Rg==}

  '@esbuild/aix-ppc64@0.27.7':
    resolution: {integrity: sha512-EKX3Qwmhz1eMdEJokhALr0YiD0lhQNwDqkPYyPhiSwKrh7/4KRjQc04sZ8db+5DVVnZ1LmbNDI1uAMPEUBnQPg==}
    engines: {node: '>=18'}
    cpu: [ppc64]
    os: [aix]

  '@esbuild/android-arm64@0.27.7':
    resolution: {integrity: sha512-62dPZHpIXzvChfvfLJow3q5dDtiNMkwiRzPylSCfriLvZeq0a1bWChrGx/BbUbPwOrsWKMn8idSllklzBy+dgQ==}
    engines: {node: '>=18'}
    cpu: [arm64]
    os: [android]

  '@esbuild/android-arm@0.27.7':
    resolution: {integrity: sha512-jbPXvB4Yj2yBV7HUfE2KHe4GJX51QplCN1pGbYjvsyCZbQmies29EoJbkEc+vYuU5o45AfQn37vZlyXy4YJ8RQ==}
    engines: {node: '>=18'}
    cpu: [arm]
    os: [android]

  '@esbuild/android-x64@0.27.7':
    resolution: {integrity: sha512-x5VpMODneVDb70PYV2VQOmIUUiBtY3D3mPBG8NxVk5CogneYhkR7MmM3yR/uMdITLrC1ml/NV1rj4bMJuy9MCg==}
    engines: {node: '>=18'}
    cpu: [x64]
    os: [android]

  '@esbuild/darwin-arm64@0.27.7':
    resolution: {integrity: sha512-5lckdqeuBPlKUwvoCXIgI2D9/ABmPq3Rdp7IfL70393YgaASt7tbju3Ac+ePVi3KDH6N2RqePfHnXkaDtY9fkw==}
    engines: {node: '>=18'}
    cpu: [arm64]
    os: [darwin]

  '@esbuild/darwin-x64@0.27.7':
    resolution: {integrity: sha512-rYnXrKcXuT7Z+WL5K980jVFdvVKhCHhUwid+dDYQpH+qu+TefcomiMAJpIiC2EM3Rjtq0sO3StMV/+3w3MyyqQ==}
    engines: {node: '>=18'}
    cpu: [x64]
    os: [darwin]

  '@esbuild/freebsd-arm64@0.27.7':
    resolution: {integrity: sha512-B48PqeCsEgOtzME2GbNM2roU29AMTuOIN91dsMO30t+Ydis3z/3Ngoj5hhnsOSSwNzS+6JppqWsuhTp6E82l2w==}
    engines: {node: '>=18'}
    cpu: [arm64]
    os: [freebsd]

  '@esbuild/freebsd-x64@0.27.7':
    resolution: {integrity: sha512-jOBDK5XEjA4m5IJK3bpAQF9/Lelu/Z9ZcdhTRLf4cajlB+8VEhFFRjWgfy3M1O4rO2GQ/b2dLwCUGpiF/eATNQ==}
    engines: {node: '>=18'}
    cpu: [x64]
    os: [freebsd]

  '@esbuild/linux-arm64@0.27.7':
    resolution: {integrity: sha512-RZPHBoxXuNnPQO9rvjh5jdkRmVizktkT7TCDkDmQ0W2SwHInKCAV95GRuvdSvA7w4VMwfCjUiPwDi0ZO6Nfe9A==}
    engines: {node: '>=18'}
    cpu: [arm64]
    os: [linux]

  '@esbuild/linux-arm@0.27.7':
    resolution: {integrity: sha512-RkT/YXYBTSULo3+af8Ib0ykH8u2MBh57o7q/DAs3lTJlyVQkgQvlrPTnjIzzRPQyavxtPtfg0EopvDyIt0j1rA==}
    engines: {node: '>=18'}
    cpu: [arm]
    os: [linux]

  '@esbuild/linux-ia32@0.27.7':
    resolution: {integrity: sha512-GA48aKNkyQDbd3KtkplYWT102C5sn/EZTY4XROkxONgruHPU72l+gW+FfF8tf2cFjeHaRbWpOYa/uRBz/Xq1Pg==}
    engines: {node: '>=18'}
    cpu: [ia32]
    os: [linux]

  '@esbuild/linux-loong64@0.27.7':
    resolution: {integrity: sha512-a4POruNM2oWsD4WKvBSEKGIiWQF8fZOAsycHOt6JBpZ+JN2n2JH9WAv56SOyu9X5IqAjqSIPTaJkqN8F7XOQ5Q==}
    engines: {node: '>=18'}
    cpu: [loong64]
    os: [linux]

  '@esbuild/linux-mips64el@0.27.7':
    resolution: {integrity: sha512-KabT5I6StirGfIz0FMgl1I+R1H73Gp0ofL9A3nG3i/cYFJzKHhouBV5VWK1CSgKvVaG4q1RNpCTR2LuTVB3fIw==}
    engines: {node: '>=18'}
    cpu: [mips64el]
    os: [linux]

  '@esbuild/linux-ppc64@0.27.7':
    resolution: {integrity: sha512-gRsL4x6wsGHGRqhtI+ifpN/vpOFTQtnbsupUF5R5YTAg+y/lKelYR1hXbnBdzDjGbMYjVJLJTd2OFmMewAgwlQ==}
    engines: {node: '>=18'}
    cpu: [ppc64]
    os: [linux]

  '@esbuild/linux-riscv64@0.27.7':
    resolution: {integrity: sha512-hL25LbxO1QOngGzu2U5xeXtxXcW+/GvMN3ejANqXkxZ/opySAZMrc+9LY/WyjAan41unrR3YrmtTsUpwT66InQ==}
    engines: {node: '>=18'}
    cpu: [riscv64]
    os: [linux]

  '@esbuild/linux-s390x@0.27.7':
    resolution: {integrity: sha512-2k8go8Ycu1Kb46vEelhu1vqEP+UeRVj2zY1pSuPdgvbd5ykAw82Lrro28vXUrRmzEsUV0NzCf54yARIK8r0fdw==}
    engines: {node: '>=18'}
    cpu: [s390x]
    os: [linux]

  '@esbuild/linux-x64@0.27.7':
    resolution: {integrity: sha512-hzznmADPt+OmsYzw1EE33ccA+HPdIqiCRq7cQeL1Jlq2gb1+OyWBkMCrYGBJ+sxVzve2ZJEVeePbLM2iEIZSxA==}
    engines: {node: '>=18'}
    cpu: [x64]
    os: [linux]

  '@esbuild/netbsd-arm64@0.27.7':
    resolution: {integrity: sha512-b6pqtrQdigZBwZxAn1UpazEisvwaIDvdbMbmrly7cDTMFnw/+3lVxxCTGOrkPVnsYIosJJXAsILG9XcQS+Yu6w==}
    engines: {node: '>=18'}
    cpu: [arm64]
    os: [netbsd]

  '@esbuild/netbsd-x64@0.27.7':
    resolution: {integrity: sha512-OfatkLojr6U+WN5EDYuoQhtM+1xco+/6FSzJJnuWiUw5eVcicbyK3dq5EeV/QHT1uy6GoDhGbFpprUiHUYggrw==}
    engines: {node: '>=18'}
    cpu: [x64]
    os: [netbsd]

  '@esbuild/openbsd-arm64@0.27.7':
    resolution: {integrity: sha512-AFuojMQTxAz75Fo8idVcqoQWEHIXFRbOc1TrVcFSgCZtQfSdc1RXgB3tjOn/krRHENUB4j00bfGjyl2mJrU37A==}
    engines: {node: '>=18'}
    cpu: [arm64]
    os: [openbsd]

  '@esbuild/openbsd-x64@0.27.7':
    resolution: {integrity: sha512-+A1NJmfM8WNDv5CLVQYJ5PshuRm/4cI6WMZRg1by1GwPIQPCTs1GLEUHwiiQGT5zDdyLiRM/l1G0Pv54gvtKIg==}
    engines: {node: '>=18'}
    cpu: [x64]
    os: [openbsd]

  '@esbuild/openharmony-arm64@0.27.7':
    resolution: {integrity: sha512-+KrvYb/C8zA9CU/g0sR6w2RBw7IGc5J2BPnc3dYc5VJxHCSF1yNMxTV5LQ7GuKteQXZtspjFbiuW5/dOj7H4Yw==}
    engines: {node: '>=18'}
    cpu: [arm64]
    os: [openharmony]

  '@esbuild/sunos-x64@0.27.7':
    resolution: {integrity: sha512-ikktIhFBzQNt/QDyOL580ti9+5mL/YZeUPKU2ivGtGjdTYoqz6jObj6nOMfhASpS4GU4Q/Clh1QtxWAvcYKamA==}
    engines: {node: '>=18'}
    cpu: [x64]
    os: [sunos]

  '@esbuild/win32-arm64@0.27.7':
    resolution: {integrity: sha512-7yRhbHvPqSpRUV7Q20VuDwbjW5kIMwTHpptuUzV+AA46kiPze5Z7qgt6CLCK3pWFrHeNfDd1VKgyP4O+ng17CA==}
    engines: {node: '>=18'}
    cpu: [arm64]
    os: [win32]

  '@esbuild/win32-ia32@0.27.7':
    resolution: {integrity: sha512-SmwKXe6VHIyZYbBLJrhOoCJRB/Z1tckzmgTLfFYOfpMAx63BJEaL9ExI8x7v0oAO3Zh6D/Oi1gVxEYr5oUCFhw==}
    engines: {node: '>=18'}
    cpu: [ia32]
    os: [win32]

  '@esbuild/win32-x64@0.27.7':
    resolution: {integrity: sha512-56hiAJPhwQ1R4i+21FVF7V8kSD5zZTdHcVuRFMW0hn753vVfQN8xlx4uOPT4xoGH0Z/oVATuR82AiqSTDIpaHg==}
    engines: {node: '>=18'}
    cpu: [x64]
    os: [win32]

  '@napi-rs/wasm-runtime@1.1.3':
    resolution: {integrity: sha512-xK9sGVbJWYb08+mTJt3/YV24WxvxpXcXtP6B172paPZ+Ts69Re9dAr7lKwJoeIx8OoeuimEiRZ7umkiUVClmmQ==}
    peerDependencies:
      '@emnapi/core': ^1.7.1
      '@emnapi/runtime': ^1.7.1

  '@oxc-project/types@0.123.0':
    resolution: {integrity: sha512-YtECP/y8Mj1lSHiUWGSRzy/C6teUKlS87dEfuVKT09LgQbUsBW1rNg+MiJ4buGu3yuADV60gbIvo9/HplA56Ew==}

  '@oxfmt/binding-android-arm-eabi@0.44.0':
    resolution: {integrity: sha512-5UvghMd9SA/yvKTWCAxMAPXS1d2i054UeOf4iFjZjfayTwCINcC3oaSXjtbZfCaEpxgJod7XiOjTtby5yEv/BQ==}
    engines: {node: ^20.19.0 || >=22.12.0}
    cpu: [arm]
    os: [android]

  '@oxfmt/binding-android-arm64@0.44.0':
    resolution: {integrity: sha512-IVudM1BWfvrYO++Khtzr8q9n5Rxu7msUvoFMqzGJVdX7HfUXUDHwaH2zHZNB58svx2J56pmCUzophyaPFkcG/A==}
    engines: {node: ^20.19.0 || >=22.12.0}
    cpu: [arm64]
    os: [android]

  '@oxfmt/binding-darwin-arm64@0.44.0':
    resolution: {integrity: sha512-eWCLAIKAHfx88EqEP1Ga2yz7qVcqDU5lemn4xck+07bH182hDdprOHjbogyk0In1Djys3T0/pO2JepFnRJ41Mg==}
    engines: {node: ^20.19.0 || >=22.12.0}
    cpu: [arm64]
    os: [darwin]

  '@oxfmt/binding-darwin-x64@0.44.0':
    resolution: {integrity: sha512-eHTBznHLM49++dwz07MblQ2cOXyIgeedmE3Wgy4ptUESj38/qYZyRi1MPwC9olQJWssMeY6WI3UZ7YmU5ggvyQ==}
    engines: {node: ^20.19.0 || >=22.12.0}
    cpu: [x64]
    os: [darwin]

  '@oxfmt/binding-freebsd-x64@0.44.0':
    resolution: {integrity: sha512-jLMmbj0u0Ft43QpkUVr/0v1ZfQCGWAvU+WznEHcN3wZC/q6ox7XeSJtk9P36CCpiDSUf3sGnzbIuG1KdEMEDJQ==}
    engines: {node: ^20.19.0 || >=22.12.0}
    cpu: [x64]
    os: [freebsd]

  '@oxfmt/binding-linux-arm-gnueabihf@0.44.0':
    resolution: {integrity: sha512-n+A/u/ByK1qV8FVGOwyaSpw5NPNl0qlZfgTBqHeGIqr8Qzq1tyWZ4lAaxPoe5mZqE3w88vn3+jZtMxriHPE7tg==}
    engines: {node: ^20.19.0 || >=22.12.0}
    cpu: [arm]
    os: [linux]

  '@oxfmt/binding-linux-arm-musleabihf@0.44.0':
    resolution: {integrity: sha512-5eax+FkxyCqAi3Rw0mrZFr7+KTt/XweFsbALR+B5ljWBLBl8nHe4ADrUnb1gLEfQCJLl+Ca5FIVD4xEt95AwIw==}
    engines: {node: ^20.19.0 || >=22.12.0}
    cpu: [arm]
    os: [linux]

  '@oxfmt/binding-linux-arm64-gnu@0.44.0':
    resolution: {integrity: sha512-58l8JaHxSGOmOMOG2CIrNsnkRJAj0YcHQCmvNACniOa/vd1iRHhlPajczegzS5jwMENlqgreyiTR9iNlke8qCw==}
    engines: {node: ^20.19.0 || >=22.12.0}
    cpu: [arm64]
    os: [linux]
    libc: [glibc]

  '@oxfmt/binding-linux-arm64-musl@0.44.0':
    resolution: {integrity: sha512-AlObQIXyVRZ96LbtVljtFq0JqH5B92NU+BQeDFrXWBUWlCKAM0wF5GLfIhCLT5kQ3Sl+U0YjRJ7Alqj5hGQaCg==}
    engines: {node: ^20.19.0 || >=22.12.0}
    cpu: [arm64]
    os: [linux]
    libc: [musl]

  '@oxfmt/binding-linux-ppc64-gnu@0.44.0':
    resolution: {integrity: sha512-YcFE8/q/BbrCiIiM5piwbkA6GwJc5QqhMQp2yDrqQ2fuVkZ7CInb1aIijZ/k8EXc72qXMSwKpVlBv1w/MsGO/A==}
    engines: {node: ^20.19.0 || >=22.12.0}
    cpu: [ppc64]
    os: [linux]
    libc: [glibc]

  '@oxfmt/binding-linux-riscv64-gnu@0.44.0':
    resolution: {integrity: sha512-eOdzs6RqkRzuqNHUX5C8ISN5xfGh4xDww8OEd9YAmc3OWN8oAe5bmlIqQ+rrHLpv58/0BuU48bxkhnIGjA/ATQ==}
    engines: {node: ^20.19.0 || >=22.12.0}
    cpu: [riscv64]
    os: [linux]
    libc: [glibc]

  '@oxfmt/binding-linux-riscv64-musl@0.44.0':
    resolution: {integrity: sha512-YBgNTxntD/QvlFUfgvh8bEdwOhXiquX8gaofZJAwYa/Xp1S1DQrFVZEeck7GFktr24DztsSp8N8WtWCBwxs0Hw==}
    engines: {node: ^20.19.0 || >=22.12.0}
    cpu: [riscv64]
    os: [linux]
    libc: [musl]

  '@oxfmt/binding-linux-s390x-gnu@0.44.0':
    resolution: {integrity: sha512-GLIh1R6WHWshl/i4QQDNgj0WtT25aRO4HNUWEoitxiywyRdhTFmFEYT2rXlcl9U6/26vhmOqG5cRlMLG3ocaIA==}
    engines: {node: ^20.19.0 || >=22.12.0}
    cpu: [s390x]
    os: [linux]
    libc: [glibc]

  '@oxfmt/binding-linux-x64-gnu@0.44.0':
    resolution: {integrity: sha512-gZOpgTlOsLcLfAF9qgpTr7FIIFSKnQN3hDf/0JvQ4CIwMY7h+eilNjxq/CorqvYcEOu+LRt1W4ZS7KccEHLOdA==}
    engines: {node: ^20.19.0 || >=22.12.0}
    cpu: [x64]
    os: [linux]
    libc: [glibc]

  '@oxfmt/binding-linux-x64-musl@0.44.0':
    resolution: {integrity: sha512-1CyS9JTB+pCUFYFI6pkQGGZaT/AY5gnhHVrQQLhFba6idP9AzVYm1xbdWfywoldTYvjxQJV6x4SuduCIfP3W+A==}
    engines: {node: ^20.19.0 || >=22.12.0}
    cpu: [x64]
    os: [linux]
    libc: [musl]

  '@oxfmt/binding-openharmony-arm64@0.44.0':
    resolution: {integrity: sha512-bmEv70Ak6jLr1xotCbF5TxIKjsmQaiX+jFRtnGtfA03tJPf6VG3cKh96S21boAt3JZc+Vjx8PYcDuLj39vM2Pw==}
    engines: {node: ^20.19.0 || >=22.12.0}
    cpu: [arm64]
    os: [openharmony]

  '@oxfmt/binding-win32-arm64-msvc@0.44.0':
    resolution: {integrity: sha512-yWzB+oCpSnP/dmw85eFLAT5o35Ve5pkGS2uF/UCISpIwDqf1xa7OpmtomiqY/Vzg8VyvMbuf6vroF2khF/+1Vg==}
    engines: {node: ^20.19.0 || >=22.12.0}
    cpu: [arm64]
    os: [win32]

  '@oxfmt/binding-win32-ia32-msvc@0.44.0':
    resolution: {integrity: sha512-TcWpo18xEIE3AmIG2kpr3kz5IEhQgnx0lazl2+8L+3eTopOAUevQcmlr4nhguImNWz0OMeOZrYZOhJNCf16nlQ==}
    engines: {node: ^20.19.0 || >=22.12.0}
    cpu: [ia32]
    os: [win32]

  '@oxfmt/binding-win32-x64-msvc@0.44.0':
    resolution: {integrity: sha512-oj8aLkPJZppIM4CMQNsyir9ybM1Xw/CfGPTSsTnzpVGyljgfbdP0EVUlURiGM0BDrmw5psQ6ArmGCcUY/yABaQ==}
    engines: {node: ^20.19.0 || >=22.12.0}
    cpu: [x64]
    os: [win32]

  '@oxlint-tsgolint/darwin-arm64@0.20.0':
    resolution: {integrity: sha512-KKQcIHZHMxqpHUA1VXIbOG6chNCFkUWbQy6M+AFVtPKkA/3xAeJkJ3njoV66bfzwPHRcWQO+kcj5XqtbkjakoA==}
    cpu: [arm64]
    os: [darwin]

  '@oxlint-tsgolint/darwin-x64@0.20.0':
    resolution: {integrity: sha512-7HeVMuclGfG+NLZi2ybY0T4fMI7/XxO/208rJk+zEIloKkVnlh11Wd241JMGwgNFXn+MLJbOqOfojDb2Dt4L1g==}
    cpu: [x64]
    os: [darwin]

  '@oxlint-tsgolint/linux-arm64@0.20.0':
    resolution: {integrity: sha512-zxhUwz+WSxE6oWlZLK2z2ps9yC6ebmgoYmjAl0Oa48+GqkZ56NVgo+wb8DURNv6xrggzHStQxqQxe3mK51HZag==}
    cpu: [arm64]
    os: [linux]

  '@oxlint-tsgolint/linux-x64@0.20.0':
    resolution: {integrity: sha512-/1l6FnahC9im8PK+Ekkx/V3yetO/PzZnJegE2FXcv/iXEhbeVxP/ouiTYcUQu9shT1FWJCSNti1VJHH+21Y1dg==}
    cpu: [x64]
    os: [linux]

  '@oxlint-tsgolint/win32-arm64@0.20.0':
    resolution: {integrity: sha512-oPZ5Yz8sVdo7P/5q+i3IKeix31eFZ55JAPa1+RGPoe9PoaYVsdMvR6Jvib6YtrqoJnFPlg3fjEjlEPL8VBKYJA==}
    cpu: [arm64]
    os: [win32]

  '@oxlint-tsgolint/win32-x64@0.20.0':
    resolution: {integrity: sha512-4stx8RHj3SP9vQyRF/yZbz5igtPvYMEUR8CUoha4BVNZihi39DpCR8qkU7lpjB5Ga1DRMo2pHaA4bdTOMaY4mw==}
    cpu: [x64]
    os: [win32]

  '@oxlint/binding-android-arm-eabi@1.59.0':
    resolution: {integrity: sha512-etYDw/UaEv936AQUd/CRMBVd+e+XuuU6wC+VzOv1STvsTyZenLChepLWqLtnyTTp4YMlM22ypzogDDwqYxv5cg==}
    engines: {node: ^20.19.0 || >=22.12.0}
    cpu: [arm]
    os: [android]

  '@oxlint/binding-android-arm64@1.59.0':
    resolution: {integrity: sha512-TgLc7XVLKH2a4h8j3vn1MDjfK33i9MY60f/bKhRGWyVzbk5LCZ4X01VZG7iHrMmi5vYbAp8//Ponigx03CLsdw==}
    engines: {node: ^20.19.0 || >=22.12.0}
    cpu: [arm64]
    os: [android]

  '@oxlint/binding-darwin-arm64@1.59.0':
    resolution: {integrity: sha512-DXyFPf5ZKldMLloRHx/B9fsxsiTQomaw7cmEW3YIJko2HgCh+GUhp9gGYwHrqlLJPsEe3dYj9JebjX92D3j3AA==}
    engines: {node: ^20.19.0 || >=22.12.0}
    cpu: [arm64]
    os: [darwin]

  '@oxlint/binding-darwin-x64@1.59.0':
    resolution: {integrity: sha512-LgvrsdgVLX1qWqIEmNsSmMXJhpAWdtUQ0M+oR0CySwi+9IHWyOGuIL8w8+u/kbZNMyZr4WUyYB5i0+D+AKgkLg==}
    engines: {node: ^20.19.0 || >=22.12.0}
    cpu: [x64]
    os: [darwin]

  '@oxlint/binding-freebsd-x64@1.59.0':
    resolution: {integrity: sha512-bOJhqX/ny4hrFuTPlyk8foSRx/vLRpxJh0jOOKN2NWW6FScXHPAA5rQbrwdQPcgGB5V8Ua51RS03fke8ssBcug==}
    engines: {node: ^20.19.0 || >=22.12.0}
    cpu: [x64]
    os: [freebsd]

  '@oxlint/binding-linux-arm-gnueabihf@1.59.0':
    resolution: {integrity: sha512-vVUXxYMF9trXCsz4m9H6U0IjehosVHxBzVgJUxly1uz4W1PdDyicaBnpC0KRXsHYretLVe+uS9pJy8iM57Kujw==}
    engines: {node: ^20.19.0 || >=22.12.0}
    cpu: [arm]
    os: [linux]

  '@oxlint/binding-linux-arm-musleabihf@1.59.0':
    resolution: {integrity: sha512-TULQW8YBPGRWg5yZpFPL54HLOnJ3/HiX6VenDPi6YfxB/jlItwSMFh3/hCeSNbh+DAMaE1Py0j5MOaivHkI/9Q==}
    engines: {node: ^20.19.0 || >=22.12.0}
    cpu: [arm]
    os: [linux]

  '@oxlint/binding-linux-arm64-gnu@1.59.0':
    resolution: {integrity: sha512-Gt54Y4eqSgYJ90xipm24xeyaPV854706o/kiT8oZvUt3VDY7qqxdqyGqchMaujd87ib+/MXvnl9WkK8Cc1BExg==}
    engines: {node: ^20.19.0 || >=22.12.0}
    cpu: [arm64]
    os: [linux]
    libc: [glibc]

  '@oxlint/binding-linux-arm64-musl@1.59.0':
    resolution: {integrity: sha512-3CtsKp7NFB3OfqQzbuAecrY7GIZeiv7AD+xutU4tefVQzlfmTI7/ygWLrvkzsDEjTlMq41rYHxgsn6Yh8tybmA==}
    engines: {node: ^20.19.0 || >=22.12.0}
    cpu: [arm64]
    os: [linux]
    libc: [musl]

  '@oxlint/binding-linux-ppc64-gnu@1.59.0':
    resolution: {integrity: sha512-K0diOpT3ncDmOfl9I1HuvpEsAuTxkts0VYwIv/w6Xiy9CdwyPBVX88Ga9l8VlGgMrwBMnSY4xIvVlVY/fkQk7Q==}
    engines: {node: ^20.19.0 || >=22.12.0}
    cpu: [ppc64]
    os: [linux]
    libc: [glibc]

  '@oxlint/binding-linux-riscv64-gnu@1.59.0':
    resolution: {integrity: sha512-xAU7+QDU6kTJJ7mJLOGgo7oOjtAtkKyFZ0Yjdb5cEo3DiCCPFLvyr08rWiQh6evZ7RiUTf+o65NY/bqttzJiQQ==}
    engines: {node: ^20.19.0 || >=22.12.0}
    cpu: [riscv64]
    os: [linux]
    libc: [glibc]

  '@oxlint/binding-linux-riscv64-musl@1.59.0':
    resolution: {integrity: sha512-KUmZmKlTTyauOnvUNVxK7G40sSSx0+w5l1UhaGsC6KPpOYHenx2oqJTnabmpLJicok7IC+3Y6fXAUOMyexaeJQ==}
    engines: {node: ^20.19.0 || >=22.12.0}
    cpu: [riscv64]
    os: [linux]
    libc: [musl]

  '@oxlint/binding-linux-s390x-gnu@1.59.0':
    resolution: {integrity: sha512-4usRxC8gS0PGdkHnRmwJt/4zrQNZyk6vL0trCxwZSsAKM+OxhB8nKiR+mhjdBbl8lbMh2gc3bZpNN/ik8c4c2A==}
    engines: {node: ^20.19.0 || >=22.12.0}
    cpu: [s390x]
    os: [linux]
    libc: [glibc]

  '@oxlint/binding-linux-x64-gnu@1.59.0':
    resolution: {integrity: sha512-s/rNE2gDmbwAOOP493xk2X7M8LZfI1LJFSSW1+yanz3vuQCFPiHkx4GY+O1HuLUDtkzGlhtMrIcxxzyYLv308w==}
    engines: {node: ^20.19.0 || >=22.12.0}
    cpu: [x64]
    os: [linux]
    libc: [glibc]

  '@oxlint/binding-linux-x64-musl@1.59.0':
    resolution: {integrity: sha512-+yYj1udJa2UvvIUmEm0IcKgc0UlPMgz0nsSTvkPL2y6n0uU5LgIHSwVu4AHhrve6j9BpVSoRksnz8c9QcvITJA==}
    engines: {node: ^20.19.0 || >=22.12.0}
    cpu: [x64]
    os: [linux]
    libc: [musl]

  '@oxlint/binding-openharmony-arm64@1.59.0':
    resolution: {integrity: sha512-bUplUb48LYsB3hHlQXP2ZMOenpieWoOyppLAnnAhuPag3MGPnt+7caxE3w/Vl9wpQsTA3gzLntQi9rxWrs7Xqg==}
    engines: {node: ^20.19.0 || >=22.12.0}
    cpu: [arm64]
    os: [openharmony]

  '@oxlint/binding-win32-arm64-msvc@1.59.0':
    resolution: {integrity: sha512-/HLsLuz42rWl7h7ePdmMTpHm2HIDmPtcEMYgm5BBEHiEiuNOrzMaUpd2z7UnNni5LGN9obJy2YoAYBLXQwazrA==}
    engines: {node: ^20.19.0 || >=22.12.0}
    cpu: [arm64]
    os: [win32]

  '@oxlint/binding-win32-ia32-msvc@1.59.0':
    resolution: {integrity: sha512-rUPy+JnanpPwV/aJCPnxAD1fW50+XPI0VkWr7f0vEbqcdsS8NpB24Rw6RsS7SdpFv8Dw+8ugCwao5nCFbqOUSg==}
    engines: {node: ^20.19.0 || >=22.12.0}
    cpu: [ia32]
    os: [win32]

  '@oxlint/binding-win32-x64-msvc@1.59.0':
    resolution: {integrity: sha512-xkE7puteDS/vUyRngLXW0t8WgdWoS/tfxXjhP/P7SMqPDx+hs44SpssO3h3qmTqECYEuXBUPzcAw5257Ka+ofA==}
    engines: {node: ^20.19.0 || >=22.12.0}
    cpu: [x64]
    os: [win32]

  '@quansync/fs@1.0.0':
    resolution: {integrity: sha512-4TJ3DFtlf1L5LDMaM6CanJ/0lckGNtJcMjQ1NAV6zDmA0tEHKZtxNKin8EgPaVX1YzljbxckyT2tJrpQKAtngQ==}

  '@rolldown/binding-android-arm64@1.0.0-rc.13':
    resolution: {integrity: sha512-5ZiiecKH2DXAVJTNN13gNMUcCDg4Jy8ZjbXEsPnqa248wgOVeYRX0iqXXD5Jz4bI9BFHgKsI2qmyJynstbmr+g==}
    engines: {node: ^20.19.0 || >=22.12.0}
    cpu: [arm64]
    os: [android]

  '@rolldown/binding-darwin-arm64@1.0.0-rc.13':
    resolution: {integrity: sha512-tz/v/8G77seu8zAB3A5sK3UFoOl06zcshEzhUO62sAEtrEuW/H1CcyoupOrD+NbQJytYgA4CppXPzlrmp4JZKA==}
    engines: {node: ^20.19.0 || >=22.12.0}
    cpu: [arm64]
    os: [darwin]

  '@rolldown/binding-darwin-x64@1.0.0-rc.13':
    resolution: {integrity: sha512-8DakphqOz8JrMYWTJmWA+vDJxut6LijZ8Xcdc4flOlAhU7PNVwo2MaWBF9iXjJAPo5rC/IxEFZDhJ3GC7NHvug==}
    engines: {node: ^20.19.0 || >=22.12.0}
    cpu: [x64]
    os: [darwin]

  '@rolldown/binding-freebsd-x64@1.0.0-rc.13':
    resolution: {integrity: sha512-4wBQFfjDuXYN/SVI8inBF3Aa+isq40rc6VMFbk5jcpolUBTe5cYnMsHZ51nFWsx3PVyyNN3vgoESki0Hmr/4BA==}
    engines: {node: ^20.19.0 || >=22.12.0}
    cpu: [x64]
    os: [freebsd]

  '@rolldown/binding-linux-arm-gnueabihf@1.0.0-rc.13':
    resolution: {integrity: sha512-JW/e4yPIXLms+jmnbwwy5LA/LxVwZUWLN8xug+V200wzaVi5TEGIWQlh8o91gWYFxW609euI98OCCemmWGuPrw==}
    engines: {node: ^20.19.0 || >=22.12.0}
    cpu: [arm]
    os: [linux]

  '@rolldown/binding-linux-arm64-gnu@1.0.0-rc.13':
    resolution: {integrity: sha512-ZfKWpXiUymDnavepCaM6KG/uGydJ4l2nBmMxg60Ci4CbeefpqjPWpfaZM7PThOhk2dssqBAcwLc6rAyr0uTdXg==}
    engines: {node: ^20.19.0 || >=22.12.0}
    cpu: [arm64]
    os: [linux]
    libc: [glibc]

  '@rolldown/binding-linux-arm64-musl@1.0.0-rc.13':
    resolution: {integrity: sha512-bmRg3O6Z0gq9yodKKWCIpnlH051sEfdVwt+6m5UDffAQMUUqU0xjnQqqAUm+Gu7ofAAly9DqiQDtKu2nPDEABA==}
    engines: {node: ^20.19.0 || >=22.12.0}
    cpu: [arm64]
    os: [linux]
    libc: [musl]

  '@rolldown/binding-linux-ppc64-gnu@1.0.0-rc.13':
    resolution: {integrity: sha512-8Wtnbw4k7pMYN9B/mOEAsQ8HOiq7AZ31Ig4M9BKn2So4xRaFEhtCSa4ZJaOutOWq50zpgR4N5+L/opnlaCx8wQ==}
    engines: {node: ^20.19.0 || >=22.12.0}
    cpu: [ppc64]
    os: [linux]
    libc: [glibc]

  '@rolldown/binding-linux-s390x-gnu@1.0.0-rc.13':
    resolution: {integrity: sha512-D/0Nlo8mQuxSMohNJUF2lDXWRsFDsHldfRRgD9bRgktj+EndGPj4DOV37LqDKPYS+osdyhZEH7fTakTAEcW7qg==}
    engines: {node: ^20.19.0 || >=22.12.0}
    cpu: [s390x]
    os: [linux]
    libc: [glibc]

  '@rolldown/binding-linux-x64-gnu@1.0.0-rc.13':
    resolution: {integrity: sha512-eRrPvat2YaVQcwwKi/JzOP6MKf1WRnOCr+VaI3cTWz3ZoLcP/654z90lVCJ4dAuMEpPdke0n+qyAqXDZdIC4rA==}
    engines: {node: ^20.19.0 || >=22.12.0}
    cpu: [x64]
    os: [linux]
    libc: [glibc]

  '@rolldown/binding-linux-x64-musl@1.0.0-rc.13':
    resolution: {integrity: sha512-PsdONiFRp8hR8KgVjTWjZ9s7uA3uueWL0t74/cKHfM4dR5zXYv4AjB8BvA+QDToqxAFg4ZkcVEqeu5F7inoz5w==}
    engines: {node: ^20.19.0 || >=22.12.0}
    cpu: [x64]
    os: [linux]
    libc: [musl]

  '@rolldown/binding-openharmony-arm64@1.0.0-rc.13':
    resolution: {integrity: sha512-hCNXgC5dI3TVOLrPT++PKFNZ+1EtS0mLQwfXXXSUD/+rGlB65gZDwN/IDuxLpQP4x8RYYHqGomlUXzpO8aVI2w==}
    engines: {node: ^20.19.0 || >=22.12.0}
    cpu: [arm64]
    os: [openharmony]

  '@rolldown/binding-wasm32-wasi@1.0.0-rc.13':
    resolution: {integrity: sha512-viLS5C5et8NFtLWw9Sw3M/w4vvnVkbWkO7wSNh3C+7G1+uCkGpr6PcjNDSFcNtmXY/4trjPBqUfcOL+P3sWy/g==}
    engines: {node: '>=14.0.0'}
    cpu: [wasm32]

  '@rolldown/binding-win32-arm64-msvc@1.0.0-rc.13':
    resolution: {integrity: sha512-Fqa3Tlt1xL4wzmAYxGNFV36Hb+VfPc9PYU+E25DAnswXv3ODDu/yyWjQDbXMo5AGWkQVjLgQExuVu8I/UaZhPQ==}
    engines: {node: ^20.19.0 || >=22.12.0}
    cpu: [arm64]
    os: [win32]

  '@rolldown/binding-win32-x64-msvc@1.0.0-rc.13':
    resolution: {integrity: sha512-/pLI5kPkGEi44TDlnbio3St/5gUFeN51YWNAk/Gnv6mEQBOahRBh52qVFVBpmrnU01n2yysvBML9Ynu7K4kGAQ==}
    engines: {node: ^20.19.0 || >=22.12.0}
    cpu: [x64]
    os: [win32]

  '@rolldown/pluginutils@1.0.0-rc.13':
    resolution: {integrity: sha512-3ngTAv6F/Py35BsYbeeLeecvhMKdsKm4AoOETVhAA+Qc8nrA2I0kF7oa93mE9qnIurngOSpMnQ0x2nQY2FPviA==}

  '@tybys/wasm-util@0.10.1':
    resolution: {integrity: sha512-9tTaPJLSiejZKx+Bmog4uSubteqTvFrVrURwkmHixBo0G4seD0zUxp98E1DzUBJxLQ3NPwXrGKDiVjwx/DpPsg==}

  '@types/node@25.5.2':
    resolution: {integrity: sha512-tO4ZIRKNC+MDWV4qKVZe3Ql/woTnmHDr5JD8UI5hn2pwBrHEwOEMZK7WlNb5RKB6EoJ02gwmQS9OrjuFnZYdpg==}

  '@types/vscode@1.100.0':
    resolution: {integrity: sha512-4uNyvzHoraXEeCamR3+fzcBlh7Afs4Ifjs4epINyUX/jvdk0uzLnwiDY35UKDKnkCHP5Nu3dljl2H8lR6s+rQw==}

  '@webref/css@8.4.1':
    resolution: {integrity: sha512-8DTncc0dhWJ4lVbi9rhLVyMNm+YEYrsFLRbdjgMxPupjNHcAdXiT1s4ZWJXzN4ckUvYQKTjLJKtZWc6tsR4FIQ==}
    peerDependencies:
      css-tree: ^3.2.1

  args-tokenizer@0.3.0:
    resolution: {integrity: sha512-xXAd7G2Mll5W8uo37GETpQ2VrE84M181Z7ugHFGQnJZ50M2mbOv0osSZ9VsSgPfJQ+LVG0prSi0th+ELMsno7Q==}

  balanced-match@1.0.2:
    resolution: {integrity: sha512-3oSeUO0TMV67hN1AmbXsK4yaqU7tjiHlbxRDZOpH0KW9+CeX4bRAaX0Anxt0tx2MrpRpWwQaPwIlISEJhYU5Pw==}

  brace-expansion@2.0.3:
    resolution: {integrity: sha512-MCV/fYJEbqx68aE58kv2cA/kiky1G8vux3OR6/jbS+jIMe/6fJWa0DTzJU7dqijOWYwHi1t29FlfYI9uytqlpA==}

  bumpp@11.0.1:
    resolution: {integrity: sha512-X0ti27I/ewsx/u0EJSyl0IZWWOE95q+wIpAG/60kc5gqMNR4a23YJdd3lL7JsBN11TgLbCM4KpfGMuFfdigb4g==}
    engines: {node: '>=20.19.0'}
    hasBin: true

  cac@7.0.0:
    resolution: {integrity: sha512-tixWYgm5ZoOD+3g6UTea91eow5z6AAHaho3g0V9CNSNb45gM8SmflpAc+GRd1InC4AqN/07Unrgp56Y94N9hJQ==}
    engines: {node: '>=20.19.0'}

  css-tree@3.2.1:
    resolution: {integrity: sha512-X7sjQzceUhu1u7Y/ylrRZFU2FS6LRiFVp6rKLPg23y3x3c3DOKAwuXGDp+PAGjh6CSnCjYeAul8pcT8bAl+lSA==}
    engines: {node: ^10 || ^12.20.0 || ^14.13.0 || >=15.0.0}

  defu@6.1.7:
    resolution: {integrity: sha512-7z22QmUWiQ/2d0KkdYmANbRUVABpZ9SNYyH5vx6PZ+nE5bcC0l7uFvEfHlyld/HcGBFTL536ClDt3DEcSlEJAQ==}

  detect-libc@2.1.2:
    resolution: {integrity: sha512-Btj2BOOO83o3WyH59e8MgXsxEQVcarkUOpEYrubB0urwnN10yQ364rsiByU11nZlqWYZm05i/of7io4mzihBtQ==}
    engines: {node: '>=8'}

  esbuild@0.27.7:
    resolution: {integrity: sha512-IxpibTjyVnmrIQo5aqNpCgoACA/dTKLTlhMHihVHhdkxKyPO1uBBthumT0rdHmcsk9uMonIWS0m4FljWzILh3w==}
    engines: {node: '>=18'}
    hasBin: true

  fdir@6.5.0:
    resolution: {integrity: sha512-tIbYtZbucOs0BRGqPJkshJUYdL+SDH7dVM8gjy+ERp3WAUjLEFJE+02kanyHtwjWOnwrKYBiwAmM0p4kLJAnXg==}
    engines: {node: '>=12.0.0'}
    peerDependencies:
      picomatch: ^3 || ^4
    peerDependenciesMeta:
      picomatch:
        optional: true

  fsevents@2.3.3:
    resolution: {integrity: sha512-5xoDfX+fL7faATnagmWPpbFtwh/R77WmMMqqHGS65C3vvB0YHrgF+B1YmZ3441tMj5n63k0212XNoJwzlhffQw==}
    engines: {node: ^8.16.0 || ^10.6.0 || >=11.0.0}
    os: [darwin]

  get-tsconfig@4.13.7:
    resolution: {integrity: sha512-7tN6rFgBlMgpBML5j8typ92BKFi2sFQvIdpAqLA2beia5avZDrMs0FLZiM5etShWq5irVyGcGMEA1jcDaK7A/Q==}

  jiti@2.6.1:
    resolution: {integrity: sha512-ekilCSN1jwRvIbgeg/57YFh8qQDNbwDb9xT/qu2DAHbFFZUicIl4ygVaAvzveMhMVr3LnpSKTNnwt8PoOfmKhQ==}
    hasBin: true

  jsonc-parser@3.3.1:
    resolution: {integrity: sha512-HUgH65KyejrUFPvHFPbqOY0rsFip3Bo5wb4ngvdi1EpCYWUQDC5V+Y7mZws+DLkr4M//zQJoanu1SP+87Dv1oQ==}

  lightningcss-android-arm64@1.32.0:
    resolution: {integrity: sha512-YK7/ClTt4kAK0vo6w3X+Pnm0D2cf2vPHbhOXdoNti1Ga0al1P4TBZhwjATvjNwLEBCnKvjJc2jQgHXH0NEwlAg==}
    engines: {node: '>= 12.0.0'}
    cpu: [arm64]
    os: [android]

  lightningcss-darwin-arm64@1.32.0:
    resolution: {integrity: sha512-RzeG9Ju5bag2Bv1/lwlVJvBE3q6TtXskdZLLCyfg5pt+HLz9BqlICO7LZM7VHNTTn/5PRhHFBSjk5lc4cmscPQ==}
    engines: {node: '>= 12.0.0'}
    cpu: [arm64]
    os: [darwin]

  lightningcss-darwin-x64@1.32.0:
    resolution: {integrity: sha512-U+QsBp2m/s2wqpUYT/6wnlagdZbtZdndSmut/NJqlCcMLTWp5muCrID+K5UJ6jqD2BFshejCYXniPDbNh73V8w==}
    engines: {node: '>= 12.0.0'}
    cpu: [x64]
    os: [darwin]

  lightningcss-freebsd-x64@1.32.0:
    resolution: {integrity: sha512-JCTigedEksZk3tHTTthnMdVfGf61Fky8Ji2E4YjUTEQX14xiy/lTzXnu1vwiZe3bYe0q+SpsSH/CTeDXK6WHig==}
    engines: {node: '>= 12.0.0'}
    cpu: [x64]
    os: [freebsd]

  lightningcss-linux-arm-gnueabihf@1.32.0:
    resolution: {integrity: sha512-x6rnnpRa2GL0zQOkt6rts3YDPzduLpWvwAF6EMhXFVZXD4tPrBkEFqzGowzCsIWsPjqSK+tyNEODUBXeeVHSkw==}
    engines: {node: '>= 12.0.0'}
    cpu: [arm]
    os: [linux]

  lightningcss-linux-arm64-gnu@1.32.0:
    resolution: {integrity: sha512-0nnMyoyOLRJXfbMOilaSRcLH3Jw5z9HDNGfT/gwCPgaDjnx0i8w7vBzFLFR1f6CMLKF8gVbebmkUN3fa/kQJpQ==}
    engines: {node: '>= 12.0.0'}
    cpu: [arm64]
    os: [linux]
    libc: [glibc]

  lightningcss-linux-arm64-musl@1.32.0:
    resolution: {integrity: sha512-UpQkoenr4UJEzgVIYpI80lDFvRmPVg6oqboNHfoH4CQIfNA+HOrZ7Mo7KZP02dC6LjghPQJeBsvXhJod/wnIBg==}
    engines: {node: '>= 12.0.0'}
    cpu: [arm64]
    os: [linux]
    libc: [musl]

  lightningcss-linux-x64-gnu@1.32.0:
    resolution: {integrity: sha512-V7Qr52IhZmdKPVr+Vtw8o+WLsQJYCTd8loIfpDaMRWGUZfBOYEJeyJIkqGIDMZPwPx24pUMfwSxxI8phr/MbOA==}
    engines: {node: '>= 12.0.0'}
    cpu: [x64]
    os: [linux]
    libc: [glibc]

  lightningcss-linux-x64-musl@1.32.0:
    resolution: {integrity: sha512-bYcLp+Vb0awsiXg/80uCRezCYHNg1/l3mt0gzHnWV9XP1W5sKa5/TCdGWaR/zBM2PeF/HbsQv/j2URNOiVuxWg==}
    engines: {node: '>= 12.0.0'}
    cpu: [x64]
    os: [linux]
    libc: [musl]

  lightningcss-win32-arm64-msvc@1.32.0:
    resolution: {integrity: sha512-8SbC8BR40pS6baCM8sbtYDSwEVQd4JlFTOlaD3gWGHfThTcABnNDBda6eTZeqbofalIJhFx0qKzgHJmcPTnGdw==}
    engines: {node: '>= 12.0.0'}
    cpu: [arm64]
    os: [win32]

  lightningcss-win32-x64-msvc@1.32.0:
    resolution: {integrity: sha512-Amq9B/SoZYdDi1kFrojnoqPLxYhQ4Wo5XiL8EVJrVsB8ARoC1PWW6VGtT0WKCemjy8aC+louJnjS7U18x3b06Q==}
    engines: {node: '>= 12.0.0'}
    cpu: [x64]
    os: [win32]

  lightningcss@1.32.0:
    resolution: {integrity: sha512-NXYBzinNrblfraPGyrbPoD19C1h9lfI/1mzgWYvXUTe414Gz/X1FD2XBZSZM7rRTrMA8JL3OtAaGifrIKhQ5yQ==}
    engines: {node: '>= 12.0.0'}

  mdn-data@2.27.1:
    resolution: {integrity: sha512-9Yubnt3e8A0OKwxYSXyhLymGW4sCufcLG6VdiDdUGVkPhpqLxlvP5vl1983gQjJl3tqbrM731mjaZaP68AgosQ==}

  minimatch@5.1.9:
    resolution: {integrity: sha512-7o1wEA2RyMP7Iu7GNba9vc0RWWGACJOCZBJX2GJWip0ikV+wcOsgVuY9uE8CPiyQhkGFSlhuSkZPavN7u1c2Fw==}
    engines: {node: '>=10'}

  nanoid@3.3.11:
    resolution: {integrity: sha512-N8SpfPUnUp1bK+PMYW8qSWdl9U+wwNWI4QKxOYDy9JAro3WMX7p2OeVRF9v+347pnakNevPmiHhNmZ2HbFA76w==}
    engines: {node: ^10 || ^12 || ^13.7 || ^14 || >=15.0.1}
    hasBin: true

  oxfmt@0.44.0:
    resolution: {integrity: sha512-lnncqvHewyRvaqdrnntVIrZV2tEddz8lbvPsQzG/zlkfvgZkwy0HP1p/2u1aCDToeg1jb9zBpbJdfkV73Itw+w==}
    engines: {node: ^20.19.0 || >=22.12.0}
    hasBin: true

  oxlint-tsgolint@0.20.0:
    resolution: {integrity: sha512-/Uc9TQyN1l8w9QNvXtVHYtz+SzDJHKpb5X0UnHodl0BVzijUPk0LPlDOHAvogd1UI+iy9ZSF6gQxEqfzUxCULQ==}
    hasBin: true

  oxlint@1.59.0:
    resolution: {integrity: sha512-0xBLeGGjP4vD9pygRo8iuOkOzEU1MqOnfiOl7KYezL/QvWL8NUg6n03zXc7ZVqltiOpUxBk2zgHI3PnRIEdAvw==}
    engines: {node: ^20.19.0 || >=22.12.0}
    hasBin: true
    peerDependencies:
      oxlint-tsgolint: '>=0.18.0'
    peerDependenciesMeta:
      oxlint-tsgolint:
        optional: true

  package-manager-detector@1.6.0:
    resolution: {integrity: sha512-61A5ThoTiDG/C8s8UMZwSorAGwMJ0ERVGj2OjoW5pAalsNOg15+iQiPzrLJ4jhZ1HJzmC2PIHT2oEiH3R5fzNA==}

  picocolors@1.1.1:
    resolution: {integrity: sha512-xceH2snhtb5M9liqDsmEw56le376mTZkEX/jEb/RxNFyegNul7eNslCXP9FDj/Lcu0X8KEyMceP2ntpaHrDEVA==}

  picomatch@4.0.4:
    resolution: {integrity: sha512-QP88BAKvMam/3NxH6vj2o21R6MjxZUAd6nlwAS/pnGvN9IVLocLHxGYIzFhg6fUQ+5th6P4dv4eW9jX3DSIj7A==}
    engines: {node: '>=12'}

  postcss@8.5.9:
    resolution: {integrity: sha512-7a70Nsot+EMX9fFU3064K/kdHWZqGVY+BADLyXc8Dfv+mTLLVl6JzJpPaCZ2kQL9gIJvKXSLMHhqdRRjwQeFtw==}
    engines: {node: ^10 || ^12 || >=14}

  quansync@1.0.0:
    resolution: {integrity: sha512-5xZacEEufv3HSTPQuchrvV6soaiACMFnq1H8wkVioctoH3TRha9Sz66lOxRwPK/qZj7HPiSveih9yAyh98gvqA==}

  resolve-pkg-maps@1.0.0:
    resolution: {integrity: sha512-seS2Tj26TBVOC2NIc2rOe2y2ZO7efxITtLZcGSOnHHNOQ7CkiUBfw0Iw2ck6xkIhPwLhKNLS8BO+hEpngQlqzw==}

  rolldown@1.0.0-rc.13:
    resolution: {integrity: sha512-bvVj8YJmf0rq4pSFmH7laLa6pYrhghv3PRzrCdRAr23g66zOKVJ4wkvFtgohtPLWmthgg8/rkaqRHrpUEh0Zbw==}
    engines: {node: ^20.19.0 || >=22.12.0}
    hasBin: true

  semver@7.7.4:
    resolution: {integrity: sha512-vFKC2IEtQnVhpT78h1Yp8wzwrf8CM+MzKMHGJZfBtzhZNycRFnXsHk6E5TxIkkMsgNS7mdX3AGB7x2QM2di4lA==}
    engines: {node: '>=10'}
    hasBin: true

  source-map-js@1.2.1:
    resolution: {integrity: sha512-UXWMKhLOwVKb728IUtQPXxfYU+usdybtUrK/8uGE8CQMvrhOpwvzDBwj0QhSL7MQc7vIsISBG8VQ8+IDQxpfQA==}
    engines: {node: '>=0.10.0'}

  tinyexec@1.1.1:
    resolution: {integrity: sha512-VKS/ZaQhhkKFMANmAOhhXVoIfBXblQxGX1myCQ2faQrfmobMftXeJPcZGp0gS07ocvGJWDLZGyOZDadDBqYIJg==}
    engines: {node: '>=18'}

  tinyglobby@0.2.16:
    resolution: {integrity: sha512-pn99VhoACYR8nFHhxqix+uvsbXineAasWm5ojXoN8xEwK5Kd3/TrhNn1wByuD52UxWRLy8pu+kRMniEi6Eq9Zg==}
    engines: {node: '>=12.0.0'}

  tinypool@2.1.0:
    resolution: {integrity: sha512-Pugqs6M0m7Lv1I7FtxN4aoyToKg1C4tu+/381vH35y8oENM/Ai7f7C4StcoK4/+BSw9ebcS8jRiVrORFKCALLw==}
    engines: {node: ^20.0.0 || >=22.0.0}

  tslib@2.8.1:
    resolution: {integrity: sha512-oJFu94HQb+KVduSUQL7wnpmqnfmLsOA/nAh6b6EH0wCEoK0/mPeXU6c3wKDV83MkOuHPRHtSXKKU99IBazS/2w==}

  tsx@4.21.0:
    resolution: {integrity: sha512-5C1sg4USs1lfG0GFb2RLXsdpXqBSEhAaA/0kPL01wxzpMqLILNxIxIOKiILz+cdg/pLnOUxFYOR5yhHU666wbw==}
    engines: {node: '>=18.0.0'}
    hasBin: true

  typescript@6.0.2:
    resolution: {integrity: sha512-bGdAIrZ0wiGDo5l8c++HWtbaNCWTS4UTv7RaTH/ThVIgjkveJt83m74bBHMJkuCbslY8ixgLBVZJIOiQlQTjfQ==}
    engines: {node: '>=14.17'}
    hasBin: true

  unconfig-core@7.5.0:
    resolution: {integrity: sha512-Su3FauozOGP44ZmKdHy2oE6LPjk51M/TRRjHv2HNCWiDvfvCoxC2lno6jevMA91MYAdCdwP05QnWdWpSbncX/w==}

  unconfig@7.5.0:
    resolution: {integrity: sha512-oi8Qy2JV4D3UQ0PsopR28CzdQ3S/5A1zwsUwp/rosSbfhJ5z7b90bIyTwi/F7hCLD4SGcZVjDzd4XoUQcEanvA==}

  undici-types@7.18.2:
    resolution: {integrity: sha512-AsuCzffGHJybSaRrmr5eHr81mwJU3kjw6M+uprWvCXiNeN9SOGwQ3Jn8jb8m3Z6izVgknn1R0FTCEAP2QrLY/w==}

  vite@8.0.7:
    resolution: {integrity: sha512-P1PbweD+2/udplnThz3btF4cf6AgPky7kk23RtHUkJIU5BIxwPprhRGmOAHs6FTI7UiGbTNrgNP6jSYD6JaRnw==}
    engines: {node: ^20.19.0 || >=22.12.0}
    hasBin: true
    peerDependencies:
      '@types/node': ^20.19.0 || >=22.12.0
      '@vitejs/devtools': ^0.1.0
      esbuild: ^0.27.0 || ^0.28.0
      jiti: '>=1.21.0'
      less: ^4.0.0
      sass: ^1.70.0
      sass-embedded: ^1.70.0
      stylus: '>=0.54.8'
      sugarss: ^5.0.0
      terser: ^5.16.0
      tsx: ^4.8.1
      yaml: ^2.4.2
    peerDependenciesMeta:
      '@types/node':
        optional: true
      '@vitejs/devtools':
        optional: true
      esbuild:
        optional: true
      jiti:
        optional: true
      less:
        optional: true
      sass:
        optional: true
      sass-embedded:
        optional: true
      stylus:
        optional: true
      sugarss:
        optional: true
      terser:
        optional: true
      tsx:
        optional: true
      yaml:
        optional: true

  vscode-jsonrpc@8.2.0:
    resolution: {integrity: sha512-C+r0eKJUIfiDIfwJhria30+TYWPtuHJXHtI7J0YlOmKAo7ogxP20T0zxB7HZQIFhIyvoBPwWskjxrvAtfjyZfA==}
    engines: {node: '>=14.0.0'}

  vscode-languageclient@9.0.1:
    resolution: {integrity: sha512-JZiimVdvimEuHh5olxhxkht09m3JzUGwggb5eRUkzzJhZ2KjCN0nh55VfiED9oez9DyF8/fz1g1iBV3h+0Z2EA==}
    engines: {vscode: ^1.82.0}

  vscode-languageserver-protocol@3.17.5:
    resolution: {integrity: sha512-mb1bvRJN8SVznADSGWM9u/b07H7Ecg0I3OgXDuLdn307rl/J3A9YD6/eYOssqhecL27hK1IPZAsaqh00i/Jljg==}

  vscode-languageserver-types@3.17.5:
    resolution: {integrity: sha512-Ld1VelNuX9pdF39h2Hgaeb5hEZM2Z3jUrrMgWQAu82jMtZp7p3vJT3BzToKtZI7NgQssZje5o0zryOrhQvzQAg==}

  yaml@2.8.3:
    resolution: {integrity: sha512-AvbaCLOO2Otw/lW5bmh9d/WEdcDFdQp2Z2ZUH3pX9U2ihyUY0nvLv7J6TrWowklRGPYbB/IuIMfYgxaCPg5Bpg==}
    engines: {node: '>= 14.6'}
    hasBin: true

snapshots:

  '@emnapi/core@1.9.1':
    dependencies:
      '@emnapi/wasi-threads': 1.2.0
      tslib: 2.8.1
    optional: true

  '@emnapi/runtime@1.9.1':
    dependencies:
      tslib: 2.8.1
    optional: true

  '@emnapi/wasi-threads@1.2.0':
    dependencies:
      tslib: 2.8.1
    optional: true

  '@esbuild/aix-ppc64@0.27.7':
    optional: true

  '@esbuild/android-arm64@0.27.7':
    optional: true

  '@esbuild/android-arm@0.27.7':
    optional: true

  '@esbuild/android-x64@0.27.7':
    optional: true

  '@esbuild/darwin-arm64@0.27.7':
    optional: true

  '@esbuild/darwin-x64@0.27.7':
    optional: true

  '@esbuild/freebsd-arm64@0.27.7':
    optional: true

  '@esbuild/freebsd-x64@0.27.7':
    optional: true

  '@esbuild/linux-arm64@0.27.7':
    optional: true

  '@esbuild/linux-arm@0.27.7':
    optional: true

  '@esbuild/linux-ia32@0.27.7':
    optional: true

  '@esbuild/linux-loong64@0.27.7':
    optional: true

  '@esbuild/linux-mips64el@0.27.7':
    optional: true

  '@esbuild/linux-ppc64@0.27.7':
    optional: true

  '@esbuild/linux-riscv64@0.27.7':
    optional: true

  '@esbuild/linux-s390x@0.27.7':
    optional: true

  '@esbuild/linux-x64@0.27.7':
    optional: true

  '@esbuild/netbsd-arm64@0.27.7':
    optional: true

  '@esbuild/netbsd-x64@0.27.7':
    optional: true

  '@esbuild/openbsd-arm64@0.27.7':
    optional: true

  '@esbuild/openbsd-x64@0.27.7':
    optional: true

  '@esbuild/openharmony-arm64@0.27.7':
    optional: true

  '@esbuild/sunos-x64@0.27.7':
    optional: true

  '@esbuild/win32-arm64@0.27.7':
    optional: true

  '@esbuild/win32-ia32@0.27.7':
    optional: true

  '@esbuild/win32-x64@0.27.7':
    optional: true

  '@napi-rs/wasm-runtime@1.1.3(@emnapi/core@1.9.1)(@emnapi/runtime@1.9.1)':
    dependencies:
      '@emnapi/core': 1.9.1
      '@emnapi/runtime': 1.9.1
      '@tybys/wasm-util': 0.10.1
    optional: true

  '@oxc-project/types@0.123.0': {}

  '@oxfmt/binding-android-arm-eabi@0.44.0':
    optional: true

  '@oxfmt/binding-android-arm64@0.44.0':
    optional: true

  '@oxfmt/binding-darwin-arm64@0.44.0':
    optional: true

  '@oxfmt/binding-darwin-x64@0.44.0':
    optional: true

  '@oxfmt/binding-freebsd-x64@0.44.0':
    optional: true

  '@oxfmt/binding-linux-arm-gnueabihf@0.44.0':
    optional: true

  '@oxfmt/binding-linux-arm-musleabihf@0.44.0':
    optional: true

  '@oxfmt/binding-linux-arm64-gnu@0.44.0':
    optional: true

  '@oxfmt/binding-linux-arm64-musl@0.44.0':
    optional: true

  '@oxfmt/binding-linux-ppc64-gnu@0.44.0':
    optional: true

  '@oxfmt/binding-linux-riscv64-gnu@0.44.0':
    optional: true

  '@oxfmt/binding-linux-riscv64-musl@0.44.0':
    optional: true

  '@oxfmt/binding-linux-s390x-gnu@0.44.0':
    optional: true

  '@oxfmt/binding-linux-x64-gnu@0.44.0':
    optional: true

  '@oxfmt/binding-linux-x64-musl@0.44.0':
    optional: true

  '@oxfmt/binding-openharmony-arm64@0.44.0':
    optional: true

  '@oxfmt/binding-win32-arm64-msvc@0.44.0':
    optional: true

  '@oxfmt/binding-win32-ia32-msvc@0.44.0':
    optional: true

  '@oxfmt/binding-win32-x64-msvc@0.44.0':
    optional: true

  '@oxlint-tsgolint/darwin-arm64@0.20.0':
    optional: true

  '@oxlint-tsgolint/darwin-x64@0.20.0':
    optional: true

  '@oxlint-tsgolint/linux-arm64@0.20.0':
    optional: true

  '@oxlint-tsgolint/linux-x64@0.20.0':
    optional: true

  '@oxlint-tsgolint/win32-arm64@0.20.0':
    optional: true

  '@oxlint-tsgolint/win32-x64@0.20.0':
    optional: true

  '@oxlint/binding-android-arm-eabi@1.59.0':
    optional: true

  '@oxlint/binding-android-arm64@1.59.0':
    optional: true

  '@oxlint/binding-darwin-arm64@1.59.0':
    optional: true

  '@oxlint/binding-darwin-x64@1.59.0':
    optional: true

  '@oxlint/binding-freebsd-x64@1.59.0':
    optional: true

  '@oxlint/binding-linux-arm-gnueabihf@1.59.0':
    optional: true

  '@oxlint/binding-linux-arm-musleabihf@1.59.0':
    optional: true

  '@oxlint/binding-linux-arm64-gnu@1.59.0':
    optional: true

  '@oxlint/binding-linux-arm64-musl@1.59.0':
    optional: true

  '@oxlint/binding-linux-ppc64-gnu@1.59.0':
    optional: true

  '@oxlint/binding-linux-riscv64-gnu@1.59.0':
    optional: true

  '@oxlint/binding-linux-riscv64-musl@1.59.0':
    optional: true

  '@oxlint/binding-linux-s390x-gnu@1.59.0':
    optional: true

  '@oxlint/binding-linux-x64-gnu@1.59.0':
    optional: true

  '@oxlint/binding-linux-x64-musl@1.59.0':
    optional: true

  '@oxlint/binding-openharmony-arm64@1.59.0':
    optional: true

  '@oxlint/binding-win32-arm64-msvc@1.59.0':
    optional: true

  '@oxlint/binding-win32-ia32-msvc@1.59.0':
    optional: true

  '@oxlint/binding-win32-x64-msvc@1.59.0':
    optional: true

  '@quansync/fs@1.0.0':
    dependencies:
      quansync: 1.0.0

  '@rolldown/binding-android-arm64@1.0.0-rc.13':
    optional: true

  '@rolldown/binding-darwin-arm64@1.0.0-rc.13':
    optional: true

  '@rolldown/binding-darwin-x64@1.0.0-rc.13':
    optional: true

  '@rolldown/binding-freebsd-x64@1.0.0-rc.13':
    optional: true

  '@rolldown/binding-linux-arm-gnueabihf@1.0.0-rc.13':
    optional: true

  '@rolldown/binding-linux-arm64-gnu@1.0.0-rc.13':
    optional: true

  '@rolldown/binding-linux-arm64-musl@1.0.0-rc.13':
    optional: true

  '@rolldown/binding-linux-ppc64-gnu@1.0.0-rc.13':
    optional: true

  '@rolldown/binding-linux-s390x-gnu@1.0.0-rc.13':
    optional: true

  '@rolldown/binding-linux-x64-gnu@1.0.0-rc.13':
    optional: true

  '@rolldown/binding-linux-x64-musl@1.0.0-rc.13':
    optional: true

  '@rolldown/binding-openharmony-arm64@1.0.0-rc.13':
    optional: true

  '@rolldown/binding-wasm32-wasi@1.0.0-rc.13':
    dependencies:
      '@emnapi/core': 1.9.1
      '@emnapi/runtime': 1.9.1
      '@napi-rs/wasm-runtime': 1.1.3(@emnapi/core@1.9.1)(@emnapi/runtime@1.9.1)
    optional: true

  '@rolldown/binding-win32-arm64-msvc@1.0.0-rc.13':
    optional: true

  '@rolldown/binding-win32-x64-msvc@1.0.0-rc.13':
    optional: true

  '@rolldown/pluginutils@1.0.0-rc.13': {}

  '@tybys/wasm-util@0.10.1':
    dependencies:
      tslib: 2.8.1
    optional: true

  '@types/node@25.5.2':
    dependencies:
      undici-types: 7.18.2

  '@types/vscode@1.100.0': {}

  '@webref/css@8.4.1(css-tree@3.2.1)':
    dependencies:
      css-tree: 3.2.1

  args-tokenizer@0.3.0: {}

  balanced-match@1.0.2: {}

  brace-expansion@2.0.3:
    dependencies:
      balanced-match: 1.0.2

  bumpp@11.0.1:
    dependencies:
      args-tokenizer: 0.3.0
      cac: 7.0.0
      jsonc-parser: 3.3.1
      package-manager-detector: 1.6.0
      semver: 7.7.4
      tinyexec: 1.1.1
      tinyglobby: 0.2.16
      unconfig: 7.5.0
      yaml: 2.8.3

  cac@7.0.0: {}

  css-tree@3.2.1:
    dependencies:
      mdn-data: 2.27.1
      source-map-js: 1.2.1

  defu@6.1.7: {}

  detect-libc@2.1.2: {}

  esbuild@0.27.7:
    optionalDependencies:
      '@esbuild/aix-ppc64': 0.27.7
      '@esbuild/android-arm': 0.27.7
      '@esbuild/android-arm64': 0.27.7
      '@esbuild/android-x64': 0.27.7
      '@esbuild/darwin-arm64': 0.27.7
      '@esbuild/darwin-x64': 0.27.7
      '@esbuild/freebsd-arm64': 0.27.7
      '@esbuild/freebsd-x64': 0.27.7
      '@esbuild/linux-arm': 0.27.7
      '@esbuild/linux-arm64': 0.27.7
      '@esbuild/linux-ia32': 0.27.7
      '@esbuild/linux-loong64': 0.27.7
      '@esbuild/linux-mips64el': 0.27.7
      '@esbuild/linux-ppc64': 0.27.7
      '@esbuild/linux-riscv64': 0.27.7
      '@esbuild/linux-s390x': 0.27.7
      '@esbuild/linux-x64': 0.27.7
      '@esbuild/netbsd-arm64': 0.27.7
      '@esbuild/netbsd-x64': 0.27.7
      '@esbuild/openbsd-arm64': 0.27.7
      '@esbuild/openbsd-x64': 0.27.7
      '@esbuild/openharmony-arm64': 0.27.7
      '@esbuild/sunos-x64': 0.27.7
      '@esbuild/win32-arm64': 0.27.7
      '@esbuild/win32-ia32': 0.27.7
      '@esbuild/win32-x64': 0.27.7
    optional: true

  fdir@6.5.0(picomatch@4.0.4):
    optionalDependencies:
      picomatch: 4.0.4

  fsevents@2.3.3:
    optional: true

  get-tsconfig@4.13.7:
    dependencies:
      resolve-pkg-maps: 1.0.0
    optional: true

  jiti@2.6.1: {}

  jsonc-parser@3.3.1: {}

  lightningcss-android-arm64@1.32.0:
    optional: true

  lightningcss-darwin-arm64@1.32.0:
    optional: true

  lightningcss-darwin-x64@1.32.0:
    optional: true

  lightningcss-freebsd-x64@1.32.0:
    optional: true

  lightningcss-linux-arm-gnueabihf@1.32.0:
    optional: true

  lightningcss-linux-arm64-gnu@1.32.0:
    optional: true

  lightningcss-linux-arm64-musl@1.32.0:
    optional: true

  lightningcss-linux-x64-gnu@1.32.0:
    optional: true

  lightningcss-linux-x64-musl@1.32.0:
    optional: true

  lightningcss-win32-arm64-msvc@1.32.0:
    optional: true

  lightningcss-win32-x64-msvc@1.32.0:
    optional: true

  lightningcss@1.32.0:
    dependencies:
      detect-libc: 2.1.2
    optionalDependencies:
      lightningcss-android-arm64: 1.32.0
      lightningcss-darwin-arm64: 1.32.0
      lightningcss-darwin-x64: 1.32.0
      lightningcss-freebsd-x64: 1.32.0
      lightningcss-linux-arm-gnueabihf: 1.32.0
      lightningcss-linux-arm64-gnu: 1.32.0
      lightningcss-linux-arm64-musl: 1.32.0
      lightningcss-linux-x64-gnu: 1.32.0
      lightningcss-linux-x64-musl: 1.32.0
      lightningcss-win32-arm64-msvc: 1.32.0
      lightningcss-win32-x64-msvc: 1.32.0

  mdn-data@2.27.1: {}

  minimatch@5.1.9:
    dependencies:
      brace-expansion: 2.0.3

  nanoid@3.3.11: {}

  oxfmt@0.44.0:
    dependencies:
      tinypool: 2.1.0
    optionalDependencies:
      '@oxfmt/binding-android-arm-eabi': 0.44.0
      '@oxfmt/binding-android-arm64': 0.44.0
      '@oxfmt/binding-darwin-arm64': 0.44.0
      '@oxfmt/binding-darwin-x64': 0.44.0
      '@oxfmt/binding-freebsd-x64': 0.44.0
      '@oxfmt/binding-linux-arm-gnueabihf': 0.44.0
      '@oxfmt/binding-linux-arm-musleabihf': 0.44.0
      '@oxfmt/binding-linux-arm64-gnu': 0.44.0
      '@oxfmt/binding-linux-arm64-musl': 0.44.0
      '@oxfmt/binding-linux-ppc64-gnu': 0.44.0
      '@oxfmt/binding-linux-riscv64-gnu': 0.44.0
      '@oxfmt/binding-linux-riscv64-musl': 0.44.0
      '@oxfmt/binding-linux-s390x-gnu': 0.44.0
      '@oxfmt/binding-linux-x64-gnu': 0.44.0
      '@oxfmt/binding-linux-x64-musl': 0.44.0
      '@oxfmt/binding-openharmony-arm64': 0.44.0
      '@oxfmt/binding-win32-arm64-msvc': 0.44.0
      '@oxfmt/binding-win32-ia32-msvc': 0.44.0
      '@oxfmt/binding-win32-x64-msvc': 0.44.0

  oxlint-tsgolint@0.20.0:
    optionalDependencies:
      '@oxlint-tsgolint/darwin-arm64': 0.20.0
      '@oxlint-tsgolint/darwin-x64': 0.20.0
      '@oxlint-tsgolint/linux-arm64': 0.20.0
      '@oxlint-tsgolint/linux-x64': 0.20.0
      '@oxlint-tsgolint/win32-arm64': 0.20.0
      '@oxlint-tsgolint/win32-x64': 0.20.0

  oxlint@1.59.0(oxlint-tsgolint@0.20.0):
    optionalDependencies:
      '@oxlint/binding-android-arm-eabi': 1.59.0
      '@oxlint/binding-android-arm64': 1.59.0
      '@oxlint/binding-darwin-arm64': 1.59.0
      '@oxlint/binding-darwin-x64': 1.59.0
      '@oxlint/binding-freebsd-x64': 1.59.0
      '@oxlint/binding-linux-arm-gnueabihf': 1.59.0
      '@oxlint/binding-linux-arm-musleabihf': 1.59.0
      '@oxlint/binding-linux-arm64-gnu': 1.59.0
      '@oxlint/binding-linux-arm64-musl': 1.59.0
      '@oxlint/binding-linux-ppc64-gnu': 1.59.0
      '@oxlint/binding-linux-riscv64-gnu': 1.59.0
      '@oxlint/binding-linux-riscv64-musl': 1.59.0
      '@oxlint/binding-linux-s390x-gnu': 1.59.0
      '@oxlint/binding-linux-x64-gnu': 1.59.0
      '@oxlint/binding-linux-x64-musl': 1.59.0
      '@oxlint/binding-openharmony-arm64': 1.59.0
      '@oxlint/binding-win32-arm64-msvc': 1.59.0
      '@oxlint/binding-win32-ia32-msvc': 1.59.0
      '@oxlint/binding-win32-x64-msvc': 1.59.0
      oxlint-tsgolint: 0.20.0

  package-manager-detector@1.6.0: {}

  picocolors@1.1.1: {}

  picomatch@4.0.4: {}

  postcss@8.5.9:
    dependencies:
      nanoid: 3.3.11
      picocolors: 1.1.1
      source-map-js: 1.2.1

  quansync@1.0.0: {}

  resolve-pkg-maps@1.0.0:
    optional: true

  rolldown@1.0.0-rc.13:
    dependencies:
      '@oxc-project/types': 0.123.0
      '@rolldown/pluginutils': 1.0.0-rc.13
    optionalDependencies:
      '@rolldown/binding-android-arm64': 1.0.0-rc.13
      '@rolldown/binding-darwin-arm64': 1.0.0-rc.13
      '@rolldown/binding-darwin-x64': 1.0.0-rc.13
      '@rolldown/binding-freebsd-x64': 1.0.0-rc.13
      '@rolldown/binding-linux-arm-gnueabihf': 1.0.0-rc.13
      '@rolldown/binding-linux-arm64-gnu': 1.0.0-rc.13
      '@rolldown/binding-linux-arm64-musl': 1.0.0-rc.13
      '@rolldown/binding-linux-ppc64-gnu': 1.0.0-rc.13
      '@rolldown/binding-linux-s390x-gnu': 1.0.0-rc.13
      '@rolldown/binding-linux-x64-gnu': 1.0.0-rc.13
      '@rolldown/binding-linux-x64-musl': 1.0.0-rc.13
      '@rolldown/binding-openharmony-arm64': 1.0.0-rc.13
      '@rolldown/binding-wasm32-wasi': 1.0.0-rc.13
      '@rolldown/binding-win32-arm64-msvc': 1.0.0-rc.13
      '@rolldown/binding-win32-x64-msvc': 1.0.0-rc.13

  semver@7.7.4: {}

  source-map-js@1.2.1: {}

  tinyexec@1.1.1: {}

  tinyglobby@0.2.16:
    dependencies:
      fdir: 6.5.0(picomatch@4.0.4)
      picomatch: 4.0.4

  tinypool@2.1.0: {}

  tslib@2.8.1:
    optional: true

  tsx@4.21.0:
    dependencies:
      esbuild: 0.27.7
      get-tsconfig: 4.13.7
    optionalDependencies:
      fsevents: 2.3.3
    optional: true

  typescript@6.0.2: {}

  unconfig-core@7.5.0:
    dependencies:
      '@quansync/fs': 1.0.0
      quansync: 1.0.0

  unconfig@7.5.0:
    dependencies:
      '@quansync/fs': 1.0.0
      defu: 6.1.7
      jiti: 2.6.1
      quansync: 1.0.0
      unconfig-core: 7.5.0

  undici-types@7.18.2: {}

  vite@8.0.7(@types/node@25.5.2)(esbuild@0.27.7)(jiti@2.6.1)(tsx@4.21.0)(yaml@2.8.3):
    dependencies:
      lightningcss: 1.32.0
      picomatch: 4.0.4
      postcss: 8.5.9
      rolldown: 1.0.0-rc.13
      tinyglobby: 0.2.16
    optionalDependencies:
      '@types/node': 25.5.2
      esbuild: 0.27.7
      fsevents: 2.3.3
      jiti: 2.6.1
      tsx: 4.21.0
      yaml: 2.8.3

  vscode-jsonrpc@8.2.0: {}

  vscode-languageclient@9.0.1:
    dependencies:
      minimatch: 5.1.9
      semver: 7.7.4
      vscode-languageserver-protocol: 3.17.5

  vscode-languageserver-protocol@3.17.5:
    dependencies:
      vscode-jsonrpc: 8.2.0
      vscode-languageserver-types: 3.17.5

  vscode-languageserver-types@3.17.5: {}

  yaml@2.8.3: {}
